
Microsoft Visual Studio Solution File, Format Version 12.00
# Visual Studio Version 16
VisualStudioVersion = 16.0.29215.179
MinimumVisualStudioVersion = 10.0.40219.1
Project("{9A19103F-16F7-4668-BE54-9A1E7A4F7556}") = "clipper", "Common\clipper\clipper.csproj", "{DF5B03B2-1514-4223-9D2B-EEB93A5CEF89}"
EndProject
Project("{9A19103F-16F7-4668-BE54-9A1E7A4F7556}") = "color", "Common\Color\color.csproj", "{B4E0DF49-5450-4CD0-81CF-D13995784D1F}"
EndProject
Project("{9A19103F-16F7-4668-BE54-9A1E7A4F7556}") = "entropyRNG", "Common\entropyRNG\entropyRNG.csproj", "{F1F90248-4928-471E-A34E-5234FC0C8957}"
EndProject
Project("{9A19103F-16F7-4668-BE54-9A1E7A4F7556}") = "MersenneTwister", "Common\MersenneTwister\mersenneTwister.csproj", "{8F68FFC9-C127-4F6A-9773-8C7BDA276875}"
EndProject
Project("{9A19103F-16F7-4668-BE54-9A1E7A4F7556}") = "errorReporter", "Eto\errorReporter\errorReporter.csproj", "{E3676D55-B27B-4827-B1B5-67EAF838C080}"
EndProject
Project("{9A19103F-16F7-4668-BE54-9A1E7A4F7556}") = "etoViewport", "Eto\etoViewport\etoViewport.csproj", "{4C9D4FE1-2578-4B77-99F5-BA39F8299A55}"
EndProject
Project("{9A19103F-16F7-4668-BE54-9A1E7A4F7556}") = "LibTessDotNet", "Common\LibTessDotNet\LibTessDotNet.csproj", "{8221AABF-E344-4798-BCE3-BC094EB40279}"
EndProject
Project("{9A19103F-16F7-4668-BE54-9A1E7A4F7556}") = "geoCore", "Common\geoCore\geoCore.csproj", "{F928A051-CC83-4610-839B-DA0AE009F436}"
EndProject
Project("{9A19103F-16F7-4668-BE54-9A1E7A4F7556}") = "geoLib", "Common\geoLib\geoLib.csproj", "{FB6E43CD-902E-4319-9342-0D9B75E08CFF}"
EndProject
Project("{9A19103F-16F7-4668-BE54-9A1E7A4F7556}") = "MiscUtil", "Common\MiscUtil\MiscUtil.csproj", "{38FA2602-902D-4361-A03A-902CA7AE256B}"
EndProject
Project("{9A19103F-16F7-4668-BE54-9A1E7A4F7556}") = "geoWrangler", "Common\geoWrangler\geoWrangler.csproj", "{CDFB9996-9F69-4A60-8B8D-418FF1E5F260}"
EndProject
Project("{9A19103F-16F7-4668-BE54-9A1E7A4F7556}") = "utility", "Common\utility\utility.csproj", "{930E4B55-C850-4421-8D1F-8B3D8BA04E8B}"
EndProject
Project("{9A19103F-16F7-4668-BE54-9A1E7A4F7556}") = "info.lundin.math", "Common\info.lundin.math\info.lundin.math.csproj", "{259DB72B-8CD4-4694-BC15-93965D98CAD5}"
EndProject
Project("{9A19103F-16F7-4668-BE54-9A1E7A4F7556}") = "KDTree", "Common\KDTree\KDTree.csproj", "{9E94CD22-721E-428A-92AD-9E43EFB3DEEF}"
EndProject
Project("{9A19103F-16F7-4668-BE54-9A1E7A4F7556}") = "noise", "Common\Noise\noise.csproj", "{44F4F35E-8446-4FA9-A825-D974DF5FF290}"
EndProject
Project("{9A19103F-16F7-4668-BE54-9A1E7A4F7556}") = "Eto.VeldridSurface", "Eto\Eto.VeldridSurface\Eto.VeldridSurface.csproj", "{E0CAF5D7-085F-4AFF-94D3-DE80CAFC11F8}"
EndProject
Project("{9A19103F-16F7-4668-BE54-9A1E7A4F7556}") = "gdsTest", "Common\gdsTest\gdsTest.csproj", "{7FBEC4F4-E3CF-4187-9F69-36C4AADF08BD}"
EndProject
Project("{9A19103F-16F7-4668-BE54-9A1E7A4F7556}") = "geoCoreTest", "geoCoreTest\geoCoreTest.csproj", "{3547E130-047F-4702-8F28-77CD63623361}"
EndProject
Project("{9A19103F-16F7-4668-BE54-9A1E7A4F7556}") = "HistoTest", "HistoTest\HistoTest.csproj", "{52F6644E-0C29-47EC-BE65-67AF102B52BE}"
EndProject
Project("{9A19103F-16F7-4668-BE54-9A1E7A4F7556}") = "KeyHolerTest", "KeyHolerTest\KeyHolerTest.csproj", "{00E83E1C-1C6C-4A4E-94AC-251B32AF9DF2}"
EndProject
Project("{9A19103F-16F7-4668-BE54-9A1E7A4F7556}") = "oasTest", "Common\oasTest\oasTest.csproj", "{A426A69E-8181-4945-9D2B-9587D773C684}"
EndProject
Project("{2150E333-8FDC-42A3-9474-1A3956D46DE8}") = "Solution Items", "Solution Items", "{B96D9380-E50C-4463-BF8E-7D0754A5CCF2}"
	ProjectSection(SolutionItems) = preProject
		nuget.config = nuget.config
	EndProjectSection
EndProject
Project("{9A19103F-16F7-4668-BE54-9A1E7A4F7556}") = "partitionTest", "partitionTest\partitionTest.csproj", "{4F02D21D-3377-405D-A917-BFC686A7AA48}"
EndProject
Project("{9A19103F-16F7-4668-BE54-9A1E7A4F7556}") = "GeoWranglerTest", "GeoWranglerTest\GeoWranglerTest.csproj", "{70B4C488-FA87-48EC-97DA-9E2AD0189409}"
EndProject
Project("{9A19103F-16F7-4668-BE54-9A1E7A4F7556}") = "DynamicAero2", "Eto\DynamicAero2\DynamicAero2.csproj", "{B0DCE792-C5F3-4739-96BA-490A8135503C}"
EndProject
Project("{2150E333-8FDC-42A3-9474-1A3956D46DE8}") = "Eto", "Eto", "{29B45695-F41C-467F-A02F-48F20260D398}"
EndProject
Project("{2150E333-8FDC-42A3-9474-1A3956D46DE8}") = "Tests", "Tests", "{F8094304-F2FB-434E-9358-271310D36764}"
EndProject
Project("{9A19103F-16F7-4668-BE54-9A1E7A4F7556}") = "TestEtoVeldrid", "Eto\TestEtoVeldrid\TestEtoVeldrid.csproj", "{3371B195-82C0-4B13-993E-0F8D48554A65}"
EndProject
Project("{9A19103F-16F7-4668-BE54-9A1E7A4F7556}") = "TestEtoVeldrid.Gtk", "Eto\TestEtoVeldrid.Gtk\TestEtoVeldrid.Gtk.csproj", "{9B63E217-66B1-4908-942E-0B24FE58DD4D}"
EndProject
Project("{9A19103F-16F7-4668-BE54-9A1E7A4F7556}") = "TestEtoVeldrid.Mac64", "Eto\TestEtoVeldrid.Mac\TestEtoVeldrid.Mac64.csproj", "{9825E104-1B58-475B-9F10-979812D5F6F0}"
EndProject
Project("{9A19103F-16F7-4668-BE54-9A1E7A4F7556}") = "TestEtoVeldrid.WinForms", "Eto\TestEtoVeldrid.WinForms\TestEtoVeldrid.WinForms.csproj", "{0A6EBB26-ED1C-4E47-B603-3C81C3E2C034}"
EndProject
Project("{9A19103F-16F7-4668-BE54-9A1E7A4F7556}") = "TestEtoVeldrid.Wpf", "Eto\TestEtoVeldrid.Wpf\TestEtoVeldrid.Wpf.csproj", "{CBCFF06F-D05B-4D2A-AA19-C49192F1024D}"
EndProject
Project("{2150E333-8FDC-42A3-9474-1A3956D46DE8}") = "Libs", "Libs", "{45517C2A-513E-4B2F-921D-6D26FDA13AC6}"
EndProject
Project("{9A19103F-16F7-4668-BE54-9A1E7A4F7556}") = "TestEtoViewport", "Eto\TestEtoViewport\TestEtoViewport.csproj", "{C79D8940-781F-48DE-80EE-BEA86D3BBA48}"
EndProject
Project("{9A19103F-16F7-4668-BE54-9A1E7A4F7556}") = "TestEtoViewport.Gtk", "Eto\TestEtoViewport.Gtk\TestEtoViewport.Gtk.csproj", "{5F871275-08E7-417E-B750-1E4AAAFC2978}"
EndProject
Project("{9A19103F-16F7-4668-BE54-9A1E7A4F7556}") = "TestEtoViewport.Mac64", "Eto\TestEtoViewport.Mac\TestEtoViewport.Mac64.csproj", "{6BD56D2E-CD7C-44A5-8DEC-0F438A233FCB}"
EndProject
Project("{9A19103F-16F7-4668-BE54-9A1E7A4F7556}") = "TestEtoViewport.WinForms", "Eto\TestEtoViewport.WinForms\TestEtoViewport.WinForms.csproj", "{9F06F714-368D-4B76-8774-5FA92B05B4C2}"
EndProject
Project("{9A19103F-16F7-4668-BE54-9A1E7A4F7556}") = "TestEtoViewport.Wpf", "Eto\TestEtoViewport.Wpf\TestEtoViewport.Wpf.csproj", "{428D11E0-779B-4A96-A846-FEB2BABA1C86}"
EndProject
Project("{FAE04EC0-301F-11D3-BF4B-00C04F79EFBC}") = "PartitionTestGeometrySource", "TestGeometrySource\PartitionTestGeometrySource.csproj", "{32F0FE89-722A-4660-AAF2-0106CD6757A1}"
EndProject
Project("{FAE04EC0-301F-11D3-BF4B-00C04F79EFBC}") = "Burkardt", "Common\Burkardt\Burkardt.csproj", "{49328370-9D33-4FEF-9903-A0C38197546B}"
EndProject
Project("{FAE04EC0-301F-11D3-BF4B-00C04F79EFBC}") = "IHSTest", "BurkhardtTest\IHSTest\IHSTest.csproj", "{491784E7-74AA-413A-BDAD-6D4C583CB355}"
EndProject
Project("{FAE04EC0-301F-11D3-BF4B-00C04F79EFBC}") = "LHC", "Common\LHC\LHC.csproj", "{163744B3-4565-4AC6-BF25-30DED1F4CEB2}"
EndProject
Project("{FAE04EC0-301F-11D3-BF4B-00C04F79EFBC}") = "LatinizeTest", "BurkhardtTest\LatinizeTest\LatinizeTest.csproj", "{B9A32ED0-CB91-41C8-BF6F-F7F522288D2D}"
EndProject
Global
	GlobalSection(SolutionConfigurationPlatforms) = preSolution
		Debug|Any CPU = Debug|Any CPU
		Debug|x64 = Debug|x64
		Debug|x86 = Debug|x86
		Release|Any CPU = Release|Any CPU
		Release|x64 = Release|x64
		Release|x86 = Release|x86
	EndGlobalSection
	GlobalSection(ProjectConfigurationPlatforms) = postSolution
		{DF5B03B2-1514-4223-9D2B-EEB93A5CEF89}.Debug|Any CPU.ActiveCfg = Debug|Any CPU
		{DF5B03B2-1514-4223-9D2B-EEB93A5CEF89}.Debug|Any CPU.Build.0 = Debug|Any CPU
		{DF5B03B2-1514-4223-9D2B-EEB93A5CEF89}.Debug|x64.ActiveCfg = Debug|Any CPU
		{DF5B03B2-1514-4223-9D2B-EEB93A5CEF89}.Debug|x64.Build.0 = Debug|Any CPU
		{DF5B03B2-1514-4223-9D2B-EEB93A5CEF89}.Debug|x86.ActiveCfg = Debug|Any CPU
		{DF5B03B2-1514-4223-9D2B-EEB93A5CEF89}.Debug|x86.Build.0 = Debug|Any CPU
		{DF5B03B2-1514-4223-9D2B-EEB93A5CEF89}.Release|Any CPU.ActiveCfg = Release|Any CPU
		{DF5B03B2-1514-4223-9D2B-EEB93A5CEF89}.Release|Any CPU.Build.0 = Release|Any CPU
		{DF5B03B2-1514-4223-9D2B-EEB93A5CEF89}.Release|x64.ActiveCfg = Release|Any CPU
		{DF5B03B2-1514-4223-9D2B-EEB93A5CEF89}.Release|x64.Build.0 = Release|Any CPU
		{DF5B03B2-1514-4223-9D2B-EEB93A5CEF89}.Release|x86.ActiveCfg = Release|Any CPU
		{DF5B03B2-1514-4223-9D2B-EEB93A5CEF89}.Release|x86.Build.0 = Release|Any CPU
		{B4E0DF49-5450-4CD0-81CF-D13995784D1F}.Debug|Any CPU.ActiveCfg = Debug|Any CPU
		{B4E0DF49-5450-4CD0-81CF-D13995784D1F}.Debug|Any CPU.Build.0 = Debug|Any CPU
		{B4E0DF49-5450-4CD0-81CF-D13995784D1F}.Debug|x64.ActiveCfg = Debug|Any CPU
		{B4E0DF49-5450-4CD0-81CF-D13995784D1F}.Debug|x64.Build.0 = Debug|Any CPU
		{B4E0DF49-5450-4CD0-81CF-D13995784D1F}.Debug|x86.ActiveCfg = Debug|Any CPU
		{B4E0DF49-5450-4CD0-81CF-D13995784D1F}.Debug|x86.Build.0 = Debug|Any CPU
		{B4E0DF49-5450-4CD0-81CF-D13995784D1F}.Release|Any CPU.ActiveCfg = Release|Any CPU
		{B4E0DF49-5450-4CD0-81CF-D13995784D1F}.Release|Any CPU.Build.0 = Release|Any CPU
		{B4E0DF49-5450-4CD0-81CF-D13995784D1F}.Release|x64.ActiveCfg = Release|Any CPU
		{B4E0DF49-5450-4CD0-81CF-D13995784D1F}.Release|x64.Build.0 = Release|Any CPU
		{B4E0DF49-5450-4CD0-81CF-D13995784D1F}.Release|x86.ActiveCfg = Release|Any CPU
		{B4E0DF49-5450-4CD0-81CF-D13995784D1F}.Release|x86.Build.0 = Release|Any CPU
		{F1F90248-4928-471E-A34E-5234FC0C8957}.Debug|Any CPU.ActiveCfg = Debug|Any CPU
		{F1F90248-4928-471E-A34E-5234FC0C8957}.Debug|Any CPU.Build.0 = Debug|Any CPU
		{F1F90248-4928-471E-A34E-5234FC0C8957}.Debug|x64.ActiveCfg = Debug|Any CPU
		{F1F90248-4928-471E-A34E-5234FC0C8957}.Debug|x64.Build.0 = Debug|Any CPU
		{F1F90248-4928-471E-A34E-5234FC0C8957}.Debug|x86.ActiveCfg = Debug|Any CPU
		{F1F90248-4928-471E-A34E-5234FC0C8957}.Debug|x86.Build.0 = Debug|Any CPU
		{F1F90248-4928-471E-A34E-5234FC0C8957}.Release|Any CPU.ActiveCfg = Release|Any CPU
		{F1F90248-4928-471E-A34E-5234FC0C8957}.Release|Any CPU.Build.0 = Release|Any CPU
		{F1F90248-4928-471E-A34E-5234FC0C8957}.Release|x64.ActiveCfg = Release|Any CPU
		{F1F90248-4928-471E-A34E-5234FC0C8957}.Release|x64.Build.0 = Release|Any CPU
		{F1F90248-4928-471E-A34E-5234FC0C8957}.Release|x86.ActiveCfg = Release|Any CPU
		{F1F90248-4928-471E-A34E-5234FC0C8957}.Release|x86.Build.0 = Release|Any CPU
		{8F68FFC9-C127-4F6A-9773-8C7BDA276875}.Debug|Any CPU.ActiveCfg = Debug|Any CPU
		{8F68FFC9-C127-4F6A-9773-8C7BDA276875}.Debug|Any CPU.Build.0 = Debug|Any CPU
		{8F68FFC9-C127-4F6A-9773-8C7BDA276875}.Debug|x64.ActiveCfg = Debug|Any CPU
		{8F68FFC9-C127-4F6A-9773-8C7BDA276875}.Debug|x64.Build.0 = Debug|Any CPU
		{8F68FFC9-C127-4F6A-9773-8C7BDA276875}.Debug|x86.ActiveCfg = Debug|Any CPU
		{8F68FFC9-C127-4F6A-9773-8C7BDA276875}.Debug|x86.Build.0 = Debug|Any CPU
		{8F68FFC9-C127-4F6A-9773-8C7BDA276875}.Release|Any CPU.ActiveCfg = Release|Any CPU
		{8F68FFC9-C127-4F6A-9773-8C7BDA276875}.Release|Any CPU.Build.0 = Release|Any CPU
		{8F68FFC9-C127-4F6A-9773-8C7BDA276875}.Release|x64.ActiveCfg = Release|Any CPU
		{8F68FFC9-C127-4F6A-9773-8C7BDA276875}.Release|x64.Build.0 = Release|Any CPU
		{8F68FFC9-C127-4F6A-9773-8C7BDA276875}.Release|x86.ActiveCfg = Release|Any CPU
		{8F68FFC9-C127-4F6A-9773-8C7BDA276875}.Release|x86.Build.0 = Release|Any CPU
		{E3676D55-B27B-4827-B1B5-67EAF838C080}.Debug|Any CPU.ActiveCfg = Debug|Any CPU
		{E3676D55-B27B-4827-B1B5-67EAF838C080}.Debug|Any CPU.Build.0 = Debug|Any CPU
		{E3676D55-B27B-4827-B1B5-67EAF838C080}.Debug|x64.ActiveCfg = Debug|Any CPU
		{E3676D55-B27B-4827-B1B5-67EAF838C080}.Debug|x64.Build.0 = Debug|Any CPU
		{E3676D55-B27B-4827-B1B5-67EAF838C080}.Debug|x86.ActiveCfg = Debug|Any CPU
		{E3676D55-B27B-4827-B1B5-67EAF838C080}.Debug|x86.Build.0 = Debug|Any CPU
		{E3676D55-B27B-4827-B1B5-67EAF838C080}.Release|Any CPU.ActiveCfg = Release|Any CPU
		{E3676D55-B27B-4827-B1B5-67EAF838C080}.Release|Any CPU.Build.0 = Release|Any CPU
		{E3676D55-B27B-4827-B1B5-67EAF838C080}.Release|x64.ActiveCfg = Release|Any CPU
		{E3676D55-B27B-4827-B1B5-67EAF838C080}.Release|x64.Build.0 = Release|Any CPU
		{E3676D55-B27B-4827-B1B5-67EAF838C080}.Release|x86.ActiveCfg = Release|Any CPU
		{E3676D55-B27B-4827-B1B5-67EAF838C080}.Release|x86.Build.0 = Release|Any CPU
		{4C9D4FE1-2578-4B77-99F5-BA39F8299A55}.Debug|Any CPU.ActiveCfg = Debug|Any CPU
		{4C9D4FE1-2578-4B77-99F5-BA39F8299A55}.Debug|Any CPU.Build.0 = Debug|Any CPU
		{4C9D4FE1-2578-4B77-99F5-BA39F8299A55}.Debug|x64.ActiveCfg = Debug|Any CPU
		{4C9D4FE1-2578-4B77-99F5-BA39F8299A55}.Debug|x64.Build.0 = Debug|Any CPU
		{4C9D4FE1-2578-4B77-99F5-BA39F8299A55}.Debug|x86.ActiveCfg = Debug|Any CPU
		{4C9D4FE1-2578-4B77-99F5-BA39F8299A55}.Debug|x86.Build.0 = Debug|Any CPU
		{4C9D4FE1-2578-4B77-99F5-BA39F8299A55}.Release|Any CPU.ActiveCfg = Release|Any CPU
		{4C9D4FE1-2578-4B77-99F5-BA39F8299A55}.Release|Any CPU.Build.0 = Release|Any CPU
		{4C9D4FE1-2578-4B77-99F5-BA39F8299A55}.Release|x64.ActiveCfg = Release|Any CPU
		{4C9D4FE1-2578-4B77-99F5-BA39F8299A55}.Release|x64.Build.0 = Release|Any CPU
		{4C9D4FE1-2578-4B77-99F5-BA39F8299A55}.Release|x86.ActiveCfg = Release|Any CPU
		{4C9D4FE1-2578-4B77-99F5-BA39F8299A55}.Release|x86.Build.0 = Release|Any CPU
		{8221AABF-E344-4798-BCE3-BC094EB40279}.Debug|Any CPU.ActiveCfg = Debug|Any CPU
		{8221AABF-E344-4798-BCE3-BC094EB40279}.Debug|Any CPU.Build.0 = Debug|Any CPU
		{8221AABF-E344-4798-BCE3-BC094EB40279}.Debug|x64.ActiveCfg = Debug|Any CPU
		{8221AABF-E344-4798-BCE3-BC094EB40279}.Debug|x64.Build.0 = Debug|Any CPU
		{8221AABF-E344-4798-BCE3-BC094EB40279}.Debug|x86.ActiveCfg = Debug|Any CPU
		{8221AABF-E344-4798-BCE3-BC094EB40279}.Debug|x86.Build.0 = Debug|Any CPU
		{8221AABF-E344-4798-BCE3-BC094EB40279}.Release|Any CPU.ActiveCfg = Release|Any CPU
		{8221AABF-E344-4798-BCE3-BC094EB40279}.Release|Any CPU.Build.0 = Release|Any CPU
		{8221AABF-E344-4798-BCE3-BC094EB40279}.Release|x64.ActiveCfg = Release|Any CPU
		{8221AABF-E344-4798-BCE3-BC094EB40279}.Release|x64.Build.0 = Release|Any CPU
		{8221AABF-E344-4798-BCE3-BC094EB40279}.Release|x86.ActiveCfg = Release|Any CPU
		{8221AABF-E344-4798-BCE3-BC094EB40279}.Release|x86.Build.0 = Release|Any CPU
		{F928A051-CC83-4610-839B-DA0AE009F436}.Debug|Any CPU.ActiveCfg = Debug|Any CPU
		{F928A051-CC83-4610-839B-DA0AE009F436}.Debug|Any CPU.Build.0 = Debug|Any CPU
		{F928A051-CC83-4610-839B-DA0AE009F436}.Debug|x64.ActiveCfg = Debug|Any CPU
		{F928A051-CC83-4610-839B-DA0AE009F436}.Debug|x64.Build.0 = Debug|Any CPU
		{F928A051-CC83-4610-839B-DA0AE009F436}.Debug|x86.ActiveCfg = Debug|Any CPU
		{F928A051-CC83-4610-839B-DA0AE009F436}.Debug|x86.Build.0 = Debug|Any CPU
		{F928A051-CC83-4610-839B-DA0AE009F436}.Release|Any CPU.ActiveCfg = Release|Any CPU
		{F928A051-CC83-4610-839B-DA0AE009F436}.Release|Any CPU.Build.0 = Release|Any CPU
		{F928A051-CC83-4610-839B-DA0AE009F436}.Release|x64.ActiveCfg = Release|Any CPU
		{F928A051-CC83-4610-839B-DA0AE009F436}.Release|x64.Build.0 = Release|Any CPU
		{F928A051-CC83-4610-839B-DA0AE009F436}.Release|x86.ActiveCfg = Release|Any CPU
		{F928A051-CC83-4610-839B-DA0AE009F436}.Release|x86.Build.0 = Release|Any CPU
		{FB6E43CD-902E-4319-9342-0D9B75E08CFF}.Debug|Any CPU.ActiveCfg = Debug|Any CPU
		{FB6E43CD-902E-4319-9342-0D9B75E08CFF}.Debug|Any CPU.Build.0 = Debug|Any CPU
		{FB6E43CD-902E-4319-9342-0D9B75E08CFF}.Debug|x64.ActiveCfg = Debug|Any CPU
		{FB6E43CD-902E-4319-9342-0D9B75E08CFF}.Debug|x64.Build.0 = Debug|Any CPU
		{FB6E43CD-902E-4319-9342-0D9B75E08CFF}.Debug|x86.ActiveCfg = Debug|Any CPU
		{FB6E43CD-902E-4319-9342-0D9B75E08CFF}.Debug|x86.Build.0 = Debug|Any CPU
		{FB6E43CD-902E-4319-9342-0D9B75E08CFF}.Release|Any CPU.ActiveCfg = Release|Any CPU
		{FB6E43CD-902E-4319-9342-0D9B75E08CFF}.Release|Any CPU.Build.0 = Release|Any CPU
		{FB6E43CD-902E-4319-9342-0D9B75E08CFF}.Release|x64.ActiveCfg = Release|Any CPU
		{FB6E43CD-902E-4319-9342-0D9B75E08CFF}.Release|x64.Build.0 = Release|Any CPU
		{FB6E43CD-902E-4319-9342-0D9B75E08CFF}.Release|x86.ActiveCfg = Release|Any CPU
		{FB6E43CD-902E-4319-9342-0D9B75E08CFF}.Release|x86.Build.0 = Release|Any CPU
		{38FA2602-902D-4361-A03A-902CA7AE256B}.Debug|Any CPU.ActiveCfg = Debug|Any CPU
		{38FA2602-902D-4361-A03A-902CA7AE256B}.Debug|Any CPU.Build.0 = Debug|Any CPU
		{38FA2602-902D-4361-A03A-902CA7AE256B}.Debug|x64.ActiveCfg = Debug|Any CPU
		{38FA2602-902D-4361-A03A-902CA7AE256B}.Debug|x64.Build.0 = Debug|Any CPU
		{38FA2602-902D-4361-A03A-902CA7AE256B}.Debug|x86.ActiveCfg = Debug|Any CPU
		{38FA2602-902D-4361-A03A-902CA7AE256B}.Debug|x86.Build.0 = Debug|Any CPU
		{38FA2602-902D-4361-A03A-902CA7AE256B}.Release|Any CPU.ActiveCfg = Release|Any CPU
		{38FA2602-902D-4361-A03A-902CA7AE256B}.Release|Any CPU.Build.0 = Release|Any CPU
		{38FA2602-902D-4361-A03A-902CA7AE256B}.Release|x64.ActiveCfg = Release|Any CPU
		{38FA2602-902D-4361-A03A-902CA7AE256B}.Release|x64.Build.0 = Release|Any CPU
		{38FA2602-902D-4361-A03A-902CA7AE256B}.Release|x86.ActiveCfg = Release|Any CPU
		{38FA2602-902D-4361-A03A-902CA7AE256B}.Release|x86.Build.0 = Release|Any CPU
		{CDFB9996-9F69-4A60-8B8D-418FF1E5F260}.Debug|Any CPU.ActiveCfg = Debug|Any CPU
		{CDFB9996-9F69-4A60-8B8D-418FF1E5F260}.Debug|Any CPU.Build.0 = Debug|Any CPU
		{CDFB9996-9F69-4A60-8B8D-418FF1E5F260}.Debug|x64.ActiveCfg = Debug|Any CPU
		{CDFB9996-9F69-4A60-8B8D-418FF1E5F260}.Debug|x64.Build.0 = Debug|Any CPU
		{CDFB9996-9F69-4A60-8B8D-418FF1E5F260}.Debug|x86.ActiveCfg = Debug|Any CPU
		{CDFB9996-9F69-4A60-8B8D-418FF1E5F260}.Debug|x86.Build.0 = Debug|Any CPU
		{CDFB9996-9F69-4A60-8B8D-418FF1E5F260}.Release|Any CPU.ActiveCfg = Release|Any CPU
		{CDFB9996-9F69-4A60-8B8D-418FF1E5F260}.Release|Any CPU.Build.0 = Release|Any CPU
		{CDFB9996-9F69-4A60-8B8D-418FF1E5F260}.Release|x64.ActiveCfg = Release|Any CPU
		{CDFB9996-9F69-4A60-8B8D-418FF1E5F260}.Release|x64.Build.0 = Release|Any CPU
		{CDFB9996-9F69-4A60-8B8D-418FF1E5F260}.Release|x86.ActiveCfg = Release|Any CPU
		{CDFB9996-9F69-4A60-8B8D-418FF1E5F260}.Release|x86.Build.0 = Release|Any CPU
		{930E4B55-C850-4421-8D1F-8B3D8BA04E8B}.Debug|Any CPU.ActiveCfg = Debug|Any CPU
		{930E4B55-C850-4421-8D1F-8B3D8BA04E8B}.Debug|Any CPU.Build.0 = Debug|Any CPU
		{930E4B55-C850-4421-8D1F-8B3D8BA04E8B}.Debug|x64.ActiveCfg = Debug|Any CPU
		{930E4B55-C850-4421-8D1F-8B3D8BA04E8B}.Debug|x64.Build.0 = Debug|Any CPU
		{930E4B55-C850-4421-8D1F-8B3D8BA04E8B}.Debug|x86.ActiveCfg = Debug|Any CPU
		{930E4B55-C850-4421-8D1F-8B3D8BA04E8B}.Debug|x86.Build.0 = Debug|Any CPU
		{930E4B55-C850-4421-8D1F-8B3D8BA04E8B}.Release|Any CPU.ActiveCfg = Release|Any CPU
		{930E4B55-C850-4421-8D1F-8B3D8BA04E8B}.Release|Any CPU.Build.0 = Release|Any CPU
		{930E4B55-C850-4421-8D1F-8B3D8BA04E8B}.Release|x64.ActiveCfg = Release|Any CPU
		{930E4B55-C850-4421-8D1F-8B3D8BA04E8B}.Release|x64.Build.0 = Release|Any CPU
		{930E4B55-C850-4421-8D1F-8B3D8BA04E8B}.Release|x86.ActiveCfg = Release|Any CPU
		{930E4B55-C850-4421-8D1F-8B3D8BA04E8B}.Release|x86.Build.0 = Release|Any CPU
		{259DB72B-8CD4-4694-BC15-93965D98CAD5}.Debug|Any CPU.ActiveCfg = Debug|Any CPU
		{259DB72B-8CD4-4694-BC15-93965D98CAD5}.Debug|Any CPU.Build.0 = Debug|Any CPU
		{259DB72B-8CD4-4694-BC15-93965D98CAD5}.Debug|x64.ActiveCfg = Debug|Any CPU
		{259DB72B-8CD4-4694-BC15-93965D98CAD5}.Debug|x64.Build.0 = Debug|Any CPU
		{259DB72B-8CD4-4694-BC15-93965D98CAD5}.Debug|x86.ActiveCfg = Debug|Any CPU
		{259DB72B-8CD4-4694-BC15-93965D98CAD5}.Debug|x86.Build.0 = Debug|Any CPU
		{259DB72B-8CD4-4694-BC15-93965D98CAD5}.Release|Any CPU.ActiveCfg = Release|Any CPU
		{259DB72B-8CD4-4694-BC15-93965D98CAD5}.Release|Any CPU.Build.0 = Release|Any CPU
		{259DB72B-8CD4-4694-BC15-93965D98CAD5}.Release|x64.ActiveCfg = Release|Any CPU
		{259DB72B-8CD4-4694-BC15-93965D98CAD5}.Release|x64.Build.0 = Release|Any CPU
		{259DB72B-8CD4-4694-BC15-93965D98CAD5}.Release|x86.ActiveCfg = Release|Any CPU
		{259DB72B-8CD4-4694-BC15-93965D98CAD5}.Release|x86.Build.0 = Release|Any CPU
		{9E94CD22-721E-428A-92AD-9E43EFB3DEEF}.Debug|Any CPU.ActiveCfg = Debug|Any CPU
		{9E94CD22-721E-428A-92AD-9E43EFB3DEEF}.Debug|Any CPU.Build.0 = Debug|Any CPU
		{9E94CD22-721E-428A-92AD-9E43EFB3DEEF}.Debug|x64.ActiveCfg = Debug|Any CPU
		{9E94CD22-721E-428A-92AD-9E43EFB3DEEF}.Debug|x64.Build.0 = Debug|Any CPU
		{9E94CD22-721E-428A-92AD-9E43EFB3DEEF}.Debug|x86.ActiveCfg = Debug|Any CPU
		{9E94CD22-721E-428A-92AD-9E43EFB3DEEF}.Debug|x86.Build.0 = Debug|Any CPU
		{9E94CD22-721E-428A-92AD-9E43EFB3DEEF}.Release|Any CPU.ActiveCfg = Release|Any CPU
		{9E94CD22-721E-428A-92AD-9E43EFB3DEEF}.Release|Any CPU.Build.0 = Release|Any CPU
		{9E94CD22-721E-428A-92AD-9E43EFB3DEEF}.Release|x64.ActiveCfg = Release|Any CPU
		{9E94CD22-721E-428A-92AD-9E43EFB3DEEF}.Release|x64.Build.0 = Release|Any CPU
		{9E94CD22-721E-428A-92AD-9E43EFB3DEEF}.Release|x86.ActiveCfg = Release|Any CPU
		{9E94CD22-721E-428A-92AD-9E43EFB3DEEF}.Release|x86.Build.0 = Release|Any CPU
		{44F4F35E-8446-4FA9-A825-D974DF5FF290}.Debug|Any CPU.ActiveCfg = Debug|Any CPU
		{44F4F35E-8446-4FA9-A825-D974DF5FF290}.Debug|Any CPU.Build.0 = Debug|Any CPU
		{44F4F35E-8446-4FA9-A825-D974DF5FF290}.Debug|x64.ActiveCfg = Debug|Any CPU
		{44F4F35E-8446-4FA9-A825-D974DF5FF290}.Debug|x64.Build.0 = Debug|Any CPU
		{44F4F35E-8446-4FA9-A825-D974DF5FF290}.Debug|x86.ActiveCfg = Debug|Any CPU
		{44F4F35E-8446-4FA9-A825-D974DF5FF290}.Debug|x86.Build.0 = Debug|Any CPU
		{44F4F35E-8446-4FA9-A825-D974DF5FF290}.Release|Any CPU.ActiveCfg = Release|Any CPU
		{44F4F35E-8446-4FA9-A825-D974DF5FF290}.Release|Any CPU.Build.0 = Release|Any CPU
		{44F4F35E-8446-4FA9-A825-D974DF5FF290}.Release|x64.ActiveCfg = Release|Any CPU
		{44F4F35E-8446-4FA9-A825-D974DF5FF290}.Release|x64.Build.0 = Release|Any CPU
		{44F4F35E-8446-4FA9-A825-D974DF5FF290}.Release|x86.ActiveCfg = Release|Any CPU
		{44F4F35E-8446-4FA9-A825-D974DF5FF290}.Release|x86.Build.0 = Release|Any CPU
		{E0CAF5D7-085F-4AFF-94D3-DE80CAFC11F8}.Debug|Any CPU.ActiveCfg = Debug|Any CPU
		{E0CAF5D7-085F-4AFF-94D3-DE80CAFC11F8}.Debug|Any CPU.Build.0 = Debug|Any CPU
		{E0CAF5D7-085F-4AFF-94D3-DE80CAFC11F8}.Debug|x64.ActiveCfg = Debug|Any CPU
		{E0CAF5D7-085F-4AFF-94D3-DE80CAFC11F8}.Debug|x64.Build.0 = Debug|Any CPU
		{E0CAF5D7-085F-4AFF-94D3-DE80CAFC11F8}.Debug|x86.ActiveCfg = Debug|Any CPU
		{E0CAF5D7-085F-4AFF-94D3-DE80CAFC11F8}.Debug|x86.Build.0 = Debug|Any CPU
		{E0CAF5D7-085F-4AFF-94D3-DE80CAFC11F8}.Release|Any CPU.ActiveCfg = Release|Any CPU
		{E0CAF5D7-085F-4AFF-94D3-DE80CAFC11F8}.Release|Any CPU.Build.0 = Release|Any CPU
		{E0CAF5D7-085F-4AFF-94D3-DE80CAFC11F8}.Release|x64.ActiveCfg = Release|Any CPU
		{E0CAF5D7-085F-4AFF-94D3-DE80CAFC11F8}.Release|x64.Build.0 = Release|Any CPU
		{E0CAF5D7-085F-4AFF-94D3-DE80CAFC11F8}.Release|x86.ActiveCfg = Release|Any CPU
		{E0CAF5D7-085F-4AFF-94D3-DE80CAFC11F8}.Release|x86.Build.0 = Release|Any CPU
		{7FBEC4F4-E3CF-4187-9F69-36C4AADF08BD}.Debug|Any CPU.ActiveCfg = Debug|Any CPU
		{7FBEC4F4-E3CF-4187-9F69-36C4AADF08BD}.Debug|Any CPU.Build.0 = Debug|Any CPU
		{7FBEC4F4-E3CF-4187-9F69-36C4AADF08BD}.Debug|x64.ActiveCfg = Debug|Any CPU
		{7FBEC4F4-E3CF-4187-9F69-36C4AADF08BD}.Debug|x64.Build.0 = Debug|Any CPU
		{7FBEC4F4-E3CF-4187-9F69-36C4AADF08BD}.Debug|x86.ActiveCfg = Debug|Any CPU
		{7FBEC4F4-E3CF-4187-9F69-36C4AADF08BD}.Debug|x86.Build.0 = Debug|Any CPU
		{7FBEC4F4-E3CF-4187-9F69-36C4AADF08BD}.Release|Any CPU.ActiveCfg = Release|Any CPU
		{7FBEC4F4-E3CF-4187-9F69-36C4AADF08BD}.Release|Any CPU.Build.0 = Release|Any CPU
		{7FBEC4F4-E3CF-4187-9F69-36C4AADF08BD}.Release|x64.ActiveCfg = Release|Any CPU
		{7FBEC4F4-E3CF-4187-9F69-36C4AADF08BD}.Release|x64.Build.0 = Release|Any CPU
		{7FBEC4F4-E3CF-4187-9F69-36C4AADF08BD}.Release|x86.ActiveCfg = Release|Any CPU
		{7FBEC4F4-E3CF-4187-9F69-36C4AADF08BD}.Release|x86.Build.0 = Release|Any CPU
		{3547E130-047F-4702-8F28-77CD63623361}.Debug|Any CPU.ActiveCfg = Debug|Any CPU
		{3547E130-047F-4702-8F28-77CD63623361}.Debug|Any CPU.Build.0 = Debug|Any CPU
		{3547E130-047F-4702-8F28-77CD63623361}.Debug|x64.ActiveCfg = Debug|Any CPU
		{3547E130-047F-4702-8F28-77CD63623361}.Debug|x64.Build.0 = Debug|Any CPU
		{3547E130-047F-4702-8F28-77CD63623361}.Debug|x86.ActiveCfg = Debug|Any CPU
		{3547E130-047F-4702-8F28-77CD63623361}.Debug|x86.Build.0 = Debug|Any CPU
		{3547E130-047F-4702-8F28-77CD63623361}.Release|Any CPU.ActiveCfg = Release|Any CPU
		{3547E130-047F-4702-8F28-77CD63623361}.Release|Any CPU.Build.0 = Release|Any CPU
		{3547E130-047F-4702-8F28-77CD63623361}.Release|x64.ActiveCfg = Release|Any CPU
		{3547E130-047F-4702-8F28-77CD63623361}.Release|x64.Build.0 = Release|Any CPU
		{3547E130-047F-4702-8F28-77CD63623361}.Release|x86.ActiveCfg = Release|Any CPU
		{3547E130-047F-4702-8F28-77CD63623361}.Release|x86.Build.0 = Release|Any CPU
		{52F6644E-0C29-47EC-BE65-67AF102B52BE}.Debug|Any CPU.ActiveCfg = Debug|Any CPU
		{52F6644E-0C29-47EC-BE65-67AF102B52BE}.Debug|Any CPU.Build.0 = Debug|Any CPU
		{52F6644E-0C29-47EC-BE65-67AF102B52BE}.Debug|x64.ActiveCfg = Debug|Any CPU
		{52F6644E-0C29-47EC-BE65-67AF102B52BE}.Debug|x64.Build.0 = Debug|Any CPU
		{52F6644E-0C29-47EC-BE65-67AF102B52BE}.Debug|x86.ActiveCfg = Debug|Any CPU
		{52F6644E-0C29-47EC-BE65-67AF102B52BE}.Debug|x86.Build.0 = Debug|Any CPU
		{52F6644E-0C29-47EC-BE65-67AF102B52BE}.Release|Any CPU.ActiveCfg = Release|Any CPU
		{52F6644E-0C29-47EC-BE65-67AF102B52BE}.Release|Any CPU.Build.0 = Release|Any CPU
		{52F6644E-0C29-47EC-BE65-67AF102B52BE}.Release|x64.ActiveCfg = Release|Any CPU
		{52F6644E-0C29-47EC-BE65-67AF102B52BE}.Release|x64.Build.0 = Release|Any CPU
		{52F6644E-0C29-47EC-BE65-67AF102B52BE}.Release|x86.ActiveCfg = Release|Any CPU
		{52F6644E-0C29-47EC-BE65-67AF102B52BE}.Release|x86.Build.0 = Release|Any CPU
		{00E83E1C-1C6C-4A4E-94AC-251B32AF9DF2}.Debug|Any CPU.ActiveCfg = Debug|Any CPU
		{00E83E1C-1C6C-4A4E-94AC-251B32AF9DF2}.Debug|Any CPU.Build.0 = Debug|Any CPU
		{00E83E1C-1C6C-4A4E-94AC-251B32AF9DF2}.Debug|x64.ActiveCfg = Debug|Any CPU
		{00E83E1C-1C6C-4A4E-94AC-251B32AF9DF2}.Debug|x64.Build.0 = Debug|Any CPU
		{00E83E1C-1C6C-4A4E-94AC-251B32AF9DF2}.Debug|x86.ActiveCfg = Debug|Any CPU
		{00E83E1C-1C6C-4A4E-94AC-251B32AF9DF2}.Debug|x86.Build.0 = Debug|Any CPU
		{00E83E1C-1C6C-4A4E-94AC-251B32AF9DF2}.Release|Any CPU.ActiveCfg = Release|Any CPU
		{00E83E1C-1C6C-4A4E-94AC-251B32AF9DF2}.Release|Any CPU.Build.0 = Release|Any CPU
		{00E83E1C-1C6C-4A4E-94AC-251B32AF9DF2}.Release|x64.ActiveCfg = Release|Any CPU
		{00E83E1C-1C6C-4A4E-94AC-251B32AF9DF2}.Release|x64.Build.0 = Release|Any CPU
		{00E83E1C-1C6C-4A4E-94AC-251B32AF9DF2}.Release|x86.ActiveCfg = Release|Any CPU
		{00E83E1C-1C6C-4A4E-94AC-251B32AF9DF2}.Release|x86.Build.0 = Release|Any CPU
		{A426A69E-8181-4945-9D2B-9587D773C684}.Debug|Any CPU.ActiveCfg = Debug|Any CPU
		{A426A69E-8181-4945-9D2B-9587D773C684}.Debug|Any CPU.Build.0 = Debug|Any CPU
		{A426A69E-8181-4945-9D2B-9587D773C684}.Debug|x64.ActiveCfg = Debug|Any CPU
		{A426A69E-8181-4945-9D2B-9587D773C684}.Debug|x64.Build.0 = Debug|Any CPU
		{A426A69E-8181-4945-9D2B-9587D773C684}.Debug|x86.ActiveCfg = Debug|Any CPU
		{A426A69E-8181-4945-9D2B-9587D773C684}.Debug|x86.Build.0 = Debug|Any CPU
		{A426A69E-8181-4945-9D2B-9587D773C684}.Release|Any CPU.ActiveCfg = Release|Any CPU
		{A426A69E-8181-4945-9D2B-9587D773C684}.Release|Any CPU.Build.0 = Release|Any CPU
		{A426A69E-8181-4945-9D2B-9587D773C684}.Release|x64.ActiveCfg = Release|Any CPU
		{A426A69E-8181-4945-9D2B-9587D773C684}.Release|x64.Build.0 = Release|Any CPU
		{A426A69E-8181-4945-9D2B-9587D773C684}.Release|x86.ActiveCfg = Release|Any CPU
		{A426A69E-8181-4945-9D2B-9587D773C684}.Release|x86.Build.0 = Release|Any CPU
		{4F02D21D-3377-405D-A917-BFC686A7AA48}.Debug|Any CPU.ActiveCfg = Debug|Any CPU
		{4F02D21D-3377-405D-A917-BFC686A7AA48}.Debug|Any CPU.Build.0 = Debug|Any CPU
		{4F02D21D-3377-405D-A917-BFC686A7AA48}.Debug|x64.ActiveCfg = Debug|Any CPU
		{4F02D21D-3377-405D-A917-BFC686A7AA48}.Debug|x64.Build.0 = Debug|Any CPU
		{4F02D21D-3377-405D-A917-BFC686A7AA48}.Debug|x86.ActiveCfg = Debug|Any CPU
		{4F02D21D-3377-405D-A917-BFC686A7AA48}.Debug|x86.Build.0 = Debug|Any CPU
		{4F02D21D-3377-405D-A917-BFC686A7AA48}.Release|Any CPU.ActiveCfg = Release|Any CPU
		{4F02D21D-3377-405D-A917-BFC686A7AA48}.Release|Any CPU.Build.0 = Release|Any CPU
		{4F02D21D-3377-405D-A917-BFC686A7AA48}.Release|x64.ActiveCfg = Release|Any CPU
		{4F02D21D-3377-405D-A917-BFC686A7AA48}.Release|x64.Build.0 = Release|Any CPU
		{4F02D21D-3377-405D-A917-BFC686A7AA48}.Release|x86.ActiveCfg = Release|Any CPU
		{4F02D21D-3377-405D-A917-BFC686A7AA48}.Release|x86.Build.0 = Release|Any CPU
		{70B4C488-FA87-48EC-97DA-9E2AD0189409}.Debug|Any CPU.ActiveCfg = Debug|Any CPU
		{70B4C488-FA87-48EC-97DA-9E2AD0189409}.Debug|Any CPU.Build.0 = Debug|Any CPU
		{70B4C488-FA87-48EC-97DA-9E2AD0189409}.Debug|x64.ActiveCfg = Debug|Any CPU
		{70B4C488-FA87-48EC-97DA-9E2AD0189409}.Debug|x64.Build.0 = Debug|Any CPU
		{70B4C488-FA87-48EC-97DA-9E2AD0189409}.Debug|x86.ActiveCfg = Debug|Any CPU
		{70B4C488-FA87-48EC-97DA-9E2AD0189409}.Debug|x86.Build.0 = Debug|Any CPU
		{70B4C488-FA87-48EC-97DA-9E2AD0189409}.Release|Any CPU.ActiveCfg = Release|Any CPU
		{70B4C488-FA87-48EC-97DA-9E2AD0189409}.Release|Any CPU.Build.0 = Release|Any CPU
		{70B4C488-FA87-48EC-97DA-9E2AD0189409}.Release|x64.ActiveCfg = Release|Any CPU
		{70B4C488-FA87-48EC-97DA-9E2AD0189409}.Release|x64.Build.0 = Release|Any CPU
		{70B4C488-FA87-48EC-97DA-9E2AD0189409}.Release|x86.ActiveCfg = Release|Any CPU
		{70B4C488-FA87-48EC-97DA-9E2AD0189409}.Release|x86.Build.0 = Release|Any CPU
		{B0DCE792-C5F3-4739-96BA-490A8135503C}.Debug|Any CPU.ActiveCfg = Debug|Any CPU
		{B0DCE792-C5F3-4739-96BA-490A8135503C}.Debug|Any CPU.Build.0 = Debug|Any CPU
		{B0DCE792-C5F3-4739-96BA-490A8135503C}.Debug|x64.ActiveCfg = Debug|Any CPU
		{B0DCE792-C5F3-4739-96BA-490A8135503C}.Debug|x64.Build.0 = Debug|Any CPU
		{B0DCE792-C5F3-4739-96BA-490A8135503C}.Debug|x86.ActiveCfg = Debug|Any CPU
		{B0DCE792-C5F3-4739-96BA-490A8135503C}.Debug|x86.Build.0 = Debug|Any CPU
		{B0DCE792-C5F3-4739-96BA-490A8135503C}.Release|Any CPU.ActiveCfg = Release|Any CPU
		{B0DCE792-C5F3-4739-96BA-490A8135503C}.Release|Any CPU.Build.0 = Release|Any CPU
		{B0DCE792-C5F3-4739-96BA-490A8135503C}.Release|x64.ActiveCfg = Release|Any CPU
		{B0DCE792-C5F3-4739-96BA-490A8135503C}.Release|x64.Build.0 = Release|Any CPU
		{B0DCE792-C5F3-4739-96BA-490A8135503C}.Release|x86.ActiveCfg = Release|Any CPU
		{B0DCE792-C5F3-4739-96BA-490A8135503C}.Release|x86.Build.0 = Release|Any CPU
		{3371B195-82C0-4B13-993E-0F8D48554A65}.Debug|Any CPU.ActiveCfg = Debug|Any CPU
		{3371B195-82C0-4B13-993E-0F8D48554A65}.Debug|Any CPU.Build.0 = Debug|Any CPU
		{3371B195-82C0-4B13-993E-0F8D48554A65}.Debug|x64.ActiveCfg = Debug|Any CPU
		{3371B195-82C0-4B13-993E-0F8D48554A65}.Debug|x64.Build.0 = Debug|Any CPU
		{3371B195-82C0-4B13-993E-0F8D48554A65}.Debug|x86.ActiveCfg = Debug|Any CPU
		{3371B195-82C0-4B13-993E-0F8D48554A65}.Debug|x86.Build.0 = Debug|Any CPU
		{3371B195-82C0-4B13-993E-0F8D48554A65}.Release|Any CPU.ActiveCfg = Release|Any CPU
		{3371B195-82C0-4B13-993E-0F8D48554A65}.Release|Any CPU.Build.0 = Release|Any CPU
		{3371B195-82C0-4B13-993E-0F8D48554A65}.Release|x64.ActiveCfg = Release|Any CPU
		{3371B195-82C0-4B13-993E-0F8D48554A65}.Release|x64.Build.0 = Release|Any CPU
		{3371B195-82C0-4B13-993E-0F8D48554A65}.Release|x86.ActiveCfg = Release|Any CPU
		{3371B195-82C0-4B13-993E-0F8D48554A65}.Release|x86.Build.0 = Release|Any CPU
		{9B63E217-66B1-4908-942E-0B24FE58DD4D}.Debug|Any CPU.ActiveCfg = Debug|Any CPU
		{9B63E217-66B1-4908-942E-0B24FE58DD4D}.Debug|Any CPU.Build.0 = Debug|Any CPU
		{9B63E217-66B1-4908-942E-0B24FE58DD4D}.Debug|x64.ActiveCfg = Debug|Any CPU
		{9B63E217-66B1-4908-942E-0B24FE58DD4D}.Debug|x64.Build.0 = Debug|Any CPU
		{9B63E217-66B1-4908-942E-0B24FE58DD4D}.Debug|x86.ActiveCfg = Debug|Any CPU
		{9B63E217-66B1-4908-942E-0B24FE58DD4D}.Debug|x86.Build.0 = Debug|Any CPU
		{9B63E217-66B1-4908-942E-0B24FE58DD4D}.Release|Any CPU.ActiveCfg = Release|Any CPU
		{9B63E217-66B1-4908-942E-0B24FE58DD4D}.Release|Any CPU.Build.0 = Release|Any CPU
		{9B63E217-66B1-4908-942E-0B24FE58DD4D}.Release|x64.ActiveCfg = Release|Any CPU
		{9B63E217-66B1-4908-942E-0B24FE58DD4D}.Release|x64.Build.0 = Release|Any CPU
		{9B63E217-66B1-4908-942E-0B24FE58DD4D}.Release|x86.ActiveCfg = Release|Any CPU
		{9B63E217-66B1-4908-942E-0B24FE58DD4D}.Release|x86.Build.0 = Release|Any CPU
		{9825E104-1B58-475B-9F10-979812D5F6F0}.Debug|Any CPU.ActiveCfg = Debug|Any CPU
		{9825E104-1B58-475B-9F10-979812D5F6F0}.Debug|Any CPU.Build.0 = Debug|Any CPU
		{9825E104-1B58-475B-9F10-979812D5F6F0}.Debug|x64.ActiveCfg = Debug|Any CPU
		{9825E104-1B58-475B-9F10-979812D5F6F0}.Debug|x64.Build.0 = Debug|Any CPU
		{9825E104-1B58-475B-9F10-979812D5F6F0}.Debug|x86.ActiveCfg = Debug|Any CPU
		{9825E104-1B58-475B-9F10-979812D5F6F0}.Debug|x86.Build.0 = Debug|Any CPU
		{9825E104-1B58-475B-9F10-979812D5F6F0}.Release|Any CPU.ActiveCfg = Release|Any CPU
		{9825E104-1B58-475B-9F10-979812D5F6F0}.Release|Any CPU.Build.0 = Release|Any CPU
		{9825E104-1B58-475B-9F10-979812D5F6F0}.Release|x64.ActiveCfg = Release|Any CPU
		{9825E104-1B58-475B-9F10-979812D5F6F0}.Release|x64.Build.0 = Release|Any CPU
		{9825E104-1B58-475B-9F10-979812D5F6F0}.Release|x86.ActiveCfg = Release|Any CPU
		{9825E104-1B58-475B-9F10-979812D5F6F0}.Release|x86.Build.0 = Release|Any CPU
		{0A6EBB26-ED1C-4E47-B603-3C81C3E2C034}.Debug|Any CPU.ActiveCfg = Debug|Any CPU
		{0A6EBB26-ED1C-4E47-B603-3C81C3E2C034}.Debug|Any CPU.Build.0 = Debug|Any CPU
		{0A6EBB26-ED1C-4E47-B603-3C81C3E2C034}.Debug|x64.ActiveCfg = Debug|Any CPU
		{0A6EBB26-ED1C-4E47-B603-3C81C3E2C034}.Debug|x64.Build.0 = Debug|Any CPU
		{0A6EBB26-ED1C-4E47-B603-3C81C3E2C034}.Debug|x86.ActiveCfg = Debug|Any CPU
		{0A6EBB26-ED1C-4E47-B603-3C81C3E2C034}.Debug|x86.Build.0 = Debug|Any CPU
		{0A6EBB26-ED1C-4E47-B603-3C81C3E2C034}.Release|Any CPU.ActiveCfg = Release|Any CPU
		{0A6EBB26-ED1C-4E47-B603-3C81C3E2C034}.Release|Any CPU.Build.0 = Release|Any CPU
		{0A6EBB26-ED1C-4E47-B603-3C81C3E2C034}.Release|x64.ActiveCfg = Release|Any CPU
		{0A6EBB26-ED1C-4E47-B603-3C81C3E2C034}.Release|x64.Build.0 = Release|Any CPU
		{0A6EBB26-ED1C-4E47-B603-3C81C3E2C034}.Release|x86.ActiveCfg = Release|Any CPU
		{0A6EBB26-ED1C-4E47-B603-3C81C3E2C034}.Release|x86.Build.0 = Release|Any CPU
		{CBCFF06F-D05B-4D2A-AA19-C49192F1024D}.Debug|Any CPU.ActiveCfg = Debug|Any CPU
		{CBCFF06F-D05B-4D2A-AA19-C49192F1024D}.Debug|Any CPU.Build.0 = Debug|Any CPU
		{CBCFF06F-D05B-4D2A-AA19-C49192F1024D}.Debug|x64.ActiveCfg = Debug|Any CPU
		{CBCFF06F-D05B-4D2A-AA19-C49192F1024D}.Debug|x64.Build.0 = Debug|Any CPU
		{CBCFF06F-D05B-4D2A-AA19-C49192F1024D}.Debug|x86.ActiveCfg = Debug|Any CPU
		{CBCFF06F-D05B-4D2A-AA19-C49192F1024D}.Debug|x86.Build.0 = Debug|Any CPU
		{CBCFF06F-D05B-4D2A-AA19-C49192F1024D}.Release|Any CPU.ActiveCfg = Release|Any CPU
		{CBCFF06F-D05B-4D2A-AA19-C49192F1024D}.Release|Any CPU.Build.0 = Release|Any CPU
		{CBCFF06F-D05B-4D2A-AA19-C49192F1024D}.Release|x64.ActiveCfg = Release|Any CPU
		{CBCFF06F-D05B-4D2A-AA19-C49192F1024D}.Release|x64.Build.0 = Release|Any CPU
		{CBCFF06F-D05B-4D2A-AA19-C49192F1024D}.Release|x86.ActiveCfg = Release|Any CPU
		{CBCFF06F-D05B-4D2A-AA19-C49192F1024D}.Release|x86.Build.0 = Release|Any CPU
		{C79D8940-781F-48DE-80EE-BEA86D3BBA48}.Debug|Any CPU.ActiveCfg = Debug|Any CPU
		{C79D8940-781F-48DE-80EE-BEA86D3BBA48}.Debug|Any CPU.Build.0 = Debug|Any CPU
		{C79D8940-781F-48DE-80EE-BEA86D3BBA48}.Debug|x64.ActiveCfg = Debug|Any CPU
		{C79D8940-781F-48DE-80EE-BEA86D3BBA48}.Debug|x64.Build.0 = Debug|Any CPU
		{C79D8940-781F-48DE-80EE-BEA86D3BBA48}.Debug|x86.ActiveCfg = Debug|Any CPU
		{C79D8940-781F-48DE-80EE-BEA86D3BBA48}.Debug|x86.Build.0 = Debug|Any CPU
		{C79D8940-781F-48DE-80EE-BEA86D3BBA48}.Release|Any CPU.ActiveCfg = Release|Any CPU
		{C79D8940-781F-48DE-80EE-BEA86D3BBA48}.Release|Any CPU.Build.0 = Release|Any CPU
		{C79D8940-781F-48DE-80EE-BEA86D3BBA48}.Release|x64.ActiveCfg = Release|Any CPU
		{C79D8940-781F-48DE-80EE-BEA86D3BBA48}.Release|x64.Build.0 = Release|Any CPU
		{C79D8940-781F-48DE-80EE-BEA86D3BBA48}.Release|x86.ActiveCfg = Release|Any CPU
		{C79D8940-781F-48DE-80EE-BEA86D3BBA48}.Release|x86.Build.0 = Release|Any CPU
		{5F871275-08E7-417E-B750-1E4AAAFC2978}.Debug|Any CPU.ActiveCfg = Debug|Any CPU
		{5F871275-08E7-417E-B750-1E4AAAFC2978}.Debug|Any CPU.Build.0 = Debug|Any CPU
		{5F871275-08E7-417E-B750-1E4AAAFC2978}.Debug|x64.ActiveCfg = Debug|Any CPU
		{5F871275-08E7-417E-B750-1E4AAAFC2978}.Debug|x64.Build.0 = Debug|Any CPU
		{5F871275-08E7-417E-B750-1E4AAAFC2978}.Debug|x86.ActiveCfg = Debug|Any CPU
		{5F871275-08E7-417E-B750-1E4AAAFC2978}.Debug|x86.Build.0 = Debug|Any CPU
		{5F871275-08E7-417E-B750-1E4AAAFC2978}.Release|Any CPU.ActiveCfg = Release|Any CPU
		{5F871275-08E7-417E-B750-1E4AAAFC2978}.Release|Any CPU.Build.0 = Release|Any CPU
		{5F871275-08E7-417E-B750-1E4AAAFC2978}.Release|x64.ActiveCfg = Release|Any CPU
		{5F871275-08E7-417E-B750-1E4AAAFC2978}.Release|x64.Build.0 = Release|Any CPU
		{5F871275-08E7-417E-B750-1E4AAAFC2978}.Release|x86.ActiveCfg = Release|Any CPU
		{5F871275-08E7-417E-B750-1E4AAAFC2978}.Release|x86.Build.0 = Release|Any CPU
		{6BD56D2E-CD7C-44A5-8DEC-0F438A233FCB}.Debug|Any CPU.ActiveCfg = Debug|Any CPU
		{6BD56D2E-CD7C-44A5-8DEC-0F438A233FCB}.Debug|Any CPU.Build.0 = Debug|Any CPU
		{6BD56D2E-CD7C-44A5-8DEC-0F438A233FCB}.Debug|x64.ActiveCfg = Debug|Any CPU
		{6BD56D2E-CD7C-44A5-8DEC-0F438A233FCB}.Debug|x64.Build.0 = Debug|Any CPU
		{6BD56D2E-CD7C-44A5-8DEC-0F438A233FCB}.Debug|x86.ActiveCfg = Debug|Any CPU
		{6BD56D2E-CD7C-44A5-8DEC-0F438A233FCB}.Debug|x86.Build.0 = Debug|Any CPU
		{6BD56D2E-CD7C-44A5-8DEC-0F438A233FCB}.Release|Any CPU.ActiveCfg = Release|Any CPU
		{6BD56D2E-CD7C-44A5-8DEC-0F438A233FCB}.Release|Any CPU.Build.0 = Release|Any CPU
		{6BD56D2E-CD7C-44A5-8DEC-0F438A233FCB}.Release|x64.ActiveCfg = Release|Any CPU
		{6BD56D2E-CD7C-44A5-8DEC-0F438A233FCB}.Release|x64.Build.0 = Release|Any CPU
		{6BD56D2E-CD7C-44A5-8DEC-0F438A233FCB}.Release|x86.ActiveCfg = Release|Any CPU
		{6BD56D2E-CD7C-44A5-8DEC-0F438A233FCB}.Release|x86.Build.0 = Release|Any CPU
		{9F06F714-368D-4B76-8774-5FA92B05B4C2}.Debug|Any CPU.ActiveCfg = Debug|Any CPU
		{9F06F714-368D-4B76-8774-5FA92B05B4C2}.Debug|Any CPU.Build.0 = Debug|Any CPU
		{9F06F714-368D-4B76-8774-5FA92B05B4C2}.Debug|x64.ActiveCfg = Debug|Any CPU
		{9F06F714-368D-4B76-8774-5FA92B05B4C2}.Debug|x64.Build.0 = Debug|Any CPU
		{9F06F714-368D-4B76-8774-5FA92B05B4C2}.Debug|x86.ActiveCfg = Debug|Any CPU
		{9F06F714-368D-4B76-8774-5FA92B05B4C2}.Debug|x86.Build.0 = Debug|Any CPU
		{9F06F714-368D-4B76-8774-5FA92B05B4C2}.Release|Any CPU.ActiveCfg = Release|Any CPU
		{9F06F714-368D-4B76-8774-5FA92B05B4C2}.Release|Any CPU.Build.0 = Release|Any CPU
		{9F06F714-368D-4B76-8774-5FA92B05B4C2}.Release|x64.ActiveCfg = Release|Any CPU
		{9F06F714-368D-4B76-8774-5FA92B05B4C2}.Release|x64.Build.0 = Release|Any CPU
		{9F06F714-368D-4B76-8774-5FA92B05B4C2}.Release|x86.ActiveCfg = Release|Any CPU
		{9F06F714-368D-4B76-8774-5FA92B05B4C2}.Release|x86.Build.0 = Release|Any CPU
		{428D11E0-779B-4A96-A846-FEB2BABA1C86}.Debug|Any CPU.ActiveCfg = Debug|Any CPU
		{428D11E0-779B-4A96-A846-FEB2BABA1C86}.Debug|Any CPU.Build.0 = Debug|Any CPU
		{428D11E0-779B-4A96-A846-FEB2BABA1C86}.Debug|x64.ActiveCfg = Debug|Any CPU
		{428D11E0-779B-4A96-A846-FEB2BABA1C86}.Debug|x64.Build.0 = Debug|Any CPU
		{428D11E0-779B-4A96-A846-FEB2BABA1C86}.Debug|x86.ActiveCfg = Debug|Any CPU
		{428D11E0-779B-4A96-A846-FEB2BABA1C86}.Debug|x86.Build.0 = Debug|Any CPU
		{428D11E0-779B-4A96-A846-FEB2BABA1C86}.Release|Any CPU.ActiveCfg = Release|Any CPU
		{428D11E0-779B-4A96-A846-FEB2BABA1C86}.Release|Any CPU.Build.0 = Release|Any CPU
		{428D11E0-779B-4A96-A846-FEB2BABA1C86}.Release|x64.ActiveCfg = Release|Any CPU
		{428D11E0-779B-4A96-A846-FEB2BABA1C86}.Release|x64.Build.0 = Release|Any CPU
		{428D11E0-779B-4A96-A846-FEB2BABA1C86}.Release|x86.ActiveCfg = Release|Any CPU
		{428D11E0-779B-4A96-A846-FEB2BABA1C86}.Release|x86.Build.0 = Release|Any CPU
		{32F0FE89-722A-4660-AAF2-0106CD6757A1}.Debug|Any CPU.ActiveCfg = Debug|Any CPU
		{32F0FE89-722A-4660-AAF2-0106CD6757A1}.Debug|Any CPU.Build.0 = Debug|Any CPU
		{32F0FE89-722A-4660-AAF2-0106CD6757A1}.Debug|x64.ActiveCfg = Debug|Any CPU
		{32F0FE89-722A-4660-AAF2-0106CD6757A1}.Debug|x64.Build.0 = Debug|Any CPU
		{32F0FE89-722A-4660-AAF2-0106CD6757A1}.Debug|x86.ActiveCfg = Debug|Any CPU
		{32F0FE89-722A-4660-AAF2-0106CD6757A1}.Debug|x86.Build.0 = Debug|Any CPU
		{32F0FE89-722A-4660-AAF2-0106CD6757A1}.Release|Any CPU.ActiveCfg = Release|Any CPU
		{32F0FE89-722A-4660-AAF2-0106CD6757A1}.Release|Any CPU.Build.0 = Release|Any CPU
		{32F0FE89-722A-4660-AAF2-0106CD6757A1}.Release|x64.ActiveCfg = Release|Any CPU
		{32F0FE89-722A-4660-AAF2-0106CD6757A1}.Release|x64.Build.0 = Release|Any CPU
		{32F0FE89-722A-4660-AAF2-0106CD6757A1}.Release|x86.ActiveCfg = Release|Any CPU
		{32F0FE89-722A-4660-AAF2-0106CD6757A1}.Release|x86.Build.0 = Release|Any CPU
		{49328370-9D33-4FEF-9903-A0C38197546B}.Debug|Any CPU.ActiveCfg = Debug|Any CPU
		{49328370-9D33-4FEF-9903-A0C38197546B}.Debug|Any CPU.Build.0 = Debug|Any CPU
		{49328370-9D33-4FEF-9903-A0C38197546B}.Debug|x64.ActiveCfg = Debug|Any CPU
		{49328370-9D33-4FEF-9903-A0C38197546B}.Debug|x64.Build.0 = Debug|Any CPU
		{49328370-9D33-4FEF-9903-A0C38197546B}.Debug|x86.ActiveCfg = Debug|Any CPU
		{49328370-9D33-4FEF-9903-A0C38197546B}.Debug|x86.Build.0 = Debug|Any CPU
		{49328370-9D33-4FEF-9903-A0C38197546B}.Release|Any CPU.ActiveCfg = Release|Any CPU
		{49328370-9D33-4FEF-9903-A0C38197546B}.Release|Any CPU.Build.0 = Release|Any CPU
		{49328370-9D33-4FEF-9903-A0C38197546B}.Release|x64.ActiveCfg = Release|Any CPU
		{49328370-9D33-4FEF-9903-A0C38197546B}.Release|x64.Build.0 = Release|Any CPU
		{49328370-9D33-4FEF-9903-A0C38197546B}.Release|x86.ActiveCfg = Release|Any CPU
		{49328370-9D33-4FEF-9903-A0C38197546B}.Release|x86.Build.0 = Release|Any CPU
		{491784E7-74AA-413A-BDAD-6D4C583CB355}.Debug|Any CPU.ActiveCfg = Debug|Any CPU
		{491784E7-74AA-413A-BDAD-6D4C583CB355}.Debug|Any CPU.Build.0 = Debug|Any CPU
		{491784E7-74AA-413A-BDAD-6D4C583CB355}.Debug|x64.ActiveCfg = Debug|Any CPU
		{491784E7-74AA-413A-BDAD-6D4C583CB355}.Debug|x64.Build.0 = Debug|Any CPU
		{491784E7-74AA-413A-BDAD-6D4C583CB355}.Debug|x86.ActiveCfg = Debug|Any CPU
		{491784E7-74AA-413A-BDAD-6D4C583CB355}.Debug|x86.Build.0 = Debug|Any CPU
		{491784E7-74AA-413A-BDAD-6D4C583CB355}.Release|Any CPU.ActiveCfg = Release|Any CPU
		{491784E7-74AA-413A-BDAD-6D4C583CB355}.Release|Any CPU.Build.0 = Release|Any CPU
		{491784E7-74AA-413A-BDAD-6D4C583CB355}.Release|x64.ActiveCfg = Release|Any CPU
		{491784E7-74AA-413A-BDAD-6D4C583CB355}.Release|x64.Build.0 = Release|Any CPU
		{491784E7-74AA-413A-BDAD-6D4C583CB355}.Release|x86.ActiveCfg = Release|Any CPU
		{491784E7-74AA-413A-BDAD-6D4C583CB355}.Release|x86.Build.0 = Release|Any CPU
		{163744B3-4565-4AC6-BF25-30DED1F4CEB2}.Debug|Any CPU.ActiveCfg = Debug|Any CPU
		{163744B3-4565-4AC6-BF25-30DED1F4CEB2}.Debug|Any CPU.Build.0 = Debug|Any CPU
		{163744B3-4565-4AC6-BF25-30DED1F4CEB2}.Debug|x64.ActiveCfg = Debug|Any CPU
		{163744B3-4565-4AC6-BF25-30DED1F4CEB2}.Debug|x64.Build.0 = Debug|Any CPU
		{163744B3-4565-4AC6-BF25-30DED1F4CEB2}.Debug|x86.ActiveCfg = Debug|Any CPU
		{163744B3-4565-4AC6-BF25-30DED1F4CEB2}.Debug|x86.Build.0 = Debug|Any CPU
		{163744B3-4565-4AC6-BF25-30DED1F4CEB2}.Release|Any CPU.ActiveCfg = Release|Any CPU
		{163744B3-4565-4AC6-BF25-30DED1F4CEB2}.Release|Any CPU.Build.0 = Release|Any CPU
		{163744B3-4565-4AC6-BF25-30DED1F4CEB2}.Release|x64.ActiveCfg = Release|Any CPU
		{163744B3-4565-4AC6-BF25-30DED1F4CEB2}.Release|x64.Build.0 = Release|Any CPU
		{163744B3-4565-4AC6-BF25-30DED1F4CEB2}.Release|x86.ActiveCfg = Release|Any CPU
		{163744B3-4565-4AC6-BF25-30DED1F4CEB2}.Release|x86.Build.0 = Release|Any CPU
		{B9A32ED0-CB91-41C8-BF6F-F7F522288D2D}.Debug|Any CPU.ActiveCfg = Debug|Any CPU
		{B9A32ED0-CB91-41C8-BF6F-F7F522288D2D}.Debug|Any CPU.Build.0 = Debug|Any CPU
		{B9A32ED0-CB91-41C8-BF6F-F7F522288D2D}.Debug|x64.ActiveCfg = Debug|Any CPU
		{B9A32ED0-CB91-41C8-BF6F-F7F522288D2D}.Debug|x64.Build.0 = Debug|Any CPU
		{B9A32ED0-CB91-41C8-BF6F-F7F522288D2D}.Debug|x86.ActiveCfg = Debug|Any CPU
		{B9A32ED0-CB91-41C8-BF6F-F7F522288D2D}.Debug|x86.Build.0 = Debug|Any CPU
		{B9A32ED0-CB91-41C8-BF6F-F7F522288D2D}.Release|Any CPU.ActiveCfg = Release|Any CPU
		{B9A32ED0-CB91-41C8-BF6F-F7F522288D2D}.Release|Any CPU.Build.0 = Release|Any CPU
		{B9A32ED0-CB91-41C8-BF6F-F7F522288D2D}.Release|x64.ActiveCfg = Release|Any CPU
		{B9A32ED0-CB91-41C8-BF6F-F7F522288D2D}.Release|x64.Build.0 = Release|Any CPU
		{B9A32ED0-CB91-41C8-BF6F-F7F522288D2D}.Release|x86.ActiveCfg = Release|Any CPU
		{B9A32ED0-CB91-41C8-BF6F-F7F522288D2D}.Release|x86.Build.0 = Release|Any CPU
	EndGlobalSection
	GlobalSection(SolutionProperties) = preSolution
		HideSolutionNode = FALSE
	EndGlobalSection
	GlobalSection(NestedProjects) = preSolution
		{DF5B03B2-1514-4223-9D2B-EEB93A5CEF89} = {45517C2A-513E-4B2F-921D-6D26FDA13AC6}
		{B4E0DF49-5450-4CD0-81CF-D13995784D1F} = {29B45695-F41C-467F-A02F-48F20260D398}
		{F1F90248-4928-471E-A34E-5234FC0C8957} = {45517C2A-513E-4B2F-921D-6D26FDA13AC6}
		{8F68FFC9-C127-4F6A-9773-8C7BDA276875} = {45517C2A-513E-4B2F-921D-6D26FDA13AC6}
		{E3676D55-B27B-4827-B1B5-67EAF838C080} = {29B45695-F41C-467F-A02F-48F20260D398}
		{4C9D4FE1-2578-4B77-99F5-BA39F8299A55} = {29B45695-F41C-467F-A02F-48F20260D398}
		{8221AABF-E344-4798-BCE3-BC094EB40279} = {45517C2A-513E-4B2F-921D-6D26FDA13AC6}
		{F928A051-CC83-4610-839B-DA0AE009F436} = {45517C2A-513E-4B2F-921D-6D26FDA13AC6}
		{FB6E43CD-902E-4319-9342-0D9B75E08CFF} = {45517C2A-513E-4B2F-921D-6D26FDA13AC6}
		{38FA2602-902D-4361-A03A-902CA7AE256B} = {45517C2A-513E-4B2F-921D-6D26FDA13AC6}
		{CDFB9996-9F69-4A60-8B8D-418FF1E5F260} = {45517C2A-513E-4B2F-921D-6D26FDA13AC6}
		{930E4B55-C850-4421-8D1F-8B3D8BA04E8B} = {45517C2A-513E-4B2F-921D-6D26FDA13AC6}
		{259DB72B-8CD4-4694-BC15-93965D98CAD5} = {45517C2A-513E-4B2F-921D-6D26FDA13AC6}
		{9E94CD22-721E-428A-92AD-9E43EFB3DEEF} = {45517C2A-513E-4B2F-921D-6D26FDA13AC6}
		{44F4F35E-8446-4FA9-A825-D974DF5FF290} = {45517C2A-513E-4B2F-921D-6D26FDA13AC6}
		{E0CAF5D7-085F-4AFF-94D3-DE80CAFC11F8} = {29B45695-F41C-467F-A02F-48F20260D398}
		{7FBEC4F4-E3CF-4187-9F69-36C4AADF08BD} = {F8094304-F2FB-434E-9358-271310D36764}
		{3547E130-047F-4702-8F28-77CD63623361} = {F8094304-F2FB-434E-9358-271310D36764}
		{52F6644E-0C29-47EC-BE65-67AF102B52BE} = {F8094304-F2FB-434E-9358-271310D36764}
		{00E83E1C-1C6C-4A4E-94AC-251B32AF9DF2} = {F8094304-F2FB-434E-9358-271310D36764}
		{A426A69E-8181-4945-9D2B-9587D773C684} = {F8094304-F2FB-434E-9358-271310D36764}
		{4F02D21D-3377-405D-A917-BFC686A7AA48} = {F8094304-F2FB-434E-9358-271310D36764}
		{70B4C488-FA87-48EC-97DA-9E2AD0189409} = {F8094304-F2FB-434E-9358-271310D36764}
		{B0DCE792-C5F3-4739-96BA-490A8135503C} = {29B45695-F41C-467F-A02F-48F20260D398}
		{3371B195-82C0-4B13-993E-0F8D48554A65} = {29B45695-F41C-467F-A02F-48F20260D398}
		{9B63E217-66B1-4908-942E-0B24FE58DD4D} = {29B45695-F41C-467F-A02F-48F20260D398}
		{9825E104-1B58-475B-9F10-979812D5F6F0} = {29B45695-F41C-467F-A02F-48F20260D398}
		{0A6EBB26-ED1C-4E47-B603-3C81C3E2C034} = {29B45695-F41C-467F-A02F-48F20260D398}
		{CBCFF06F-D05B-4D2A-AA19-C49192F1024D} = {29B45695-F41C-467F-A02F-48F20260D398}
		{C79D8940-781F-48DE-80EE-BEA86D3BBA48} = {29B45695-F41C-467F-A02F-48F20260D398}
		{5F871275-08E7-417E-B750-1E4AAAFC2978} = {29B45695-F41C-467F-A02F-48F20260D398}
		{6BD56D2E-CD7C-44A5-8DEC-0F438A233FCB} = {29B45695-F41C-467F-A02F-48F20260D398}
		{9F06F714-368D-4B76-8774-5FA92B05B4C2} = {29B45695-F41C-467F-A02F-48F20260D398}
		{428D11E0-779B-4A96-A846-FEB2BABA1C86} = {29B45695-F41C-467F-A02F-48F20260D398}
		{32F0FE89-722A-4660-AAF2-0106CD6757A1} = {F8094304-F2FB-434E-9358-271310D36764}
		{49328370-9D33-4FEF-9903-A0C38197546B} = {45517C2A-513E-4B2F-921D-6D26FDA13AC6}
		{491784E7-74AA-413A-BDAD-6D4C583CB355} = {F8094304-F2FB-434E-9358-271310D36764}
		{163744B3-4565-4AC6-BF25-30DED1F4CEB2} = {45517C2A-513E-4B2F-921D-6D26FDA13AC6}
		{B9A32ED0-CB91-41C8-BF6F-F7F522288D2D} = {F8094304-F2FB-434E-9358-271310D36764}
	EndGlobalSection
	GlobalSection(ExtensibilityGlobals) = postSolution
		SolutionGuid = {B449416C-C504-4FA8-9E10-10857263A64A}
	EndGlobalSection
EndGlobal
