
Microsoft Visual Studio Solution File, Format Version 12.00
# Visual Studio Version 16
VisualStudioVersion = 16.0.29215.179
MinimumVisualStudioVersion = 10.0.40219.1
Project("{9A19103F-16F7-4668-BE54-9A1E7A4F7556}") = "clipper", "Common\clipper\clipper.csproj", "{DF5B03B2-1514-4223-9D2B-EEB93A5CEF89}"
EndProject
Project("{9A19103F-16F7-4668-BE54-9A1E7A4F7556}") = "color", "Common\Color\color.csproj", "{B4E0DF49-5450-4CD0-81CF-D13995784D1F}"
EndProject
Project("{9A19103F-16F7-4668-BE54-9A1E7A4F7556}") = "entropyRNG", "Common\entropyRNG\entropyRNG.csproj", "{F1F90248-4928-471E-A34E-5234FC0C8957}"
EndProject
Project("{9A19103F-16F7-4668-BE54-9A1E7A4F7556}") = "MersenneTwister", "Common\MersenneTwister\mersenneTwister.csproj", "{8F68FFC9-C127-4F6A-9773-8C7BDA276875}"
EndProject
Project("{9A19103F-16F7-4668-BE54-9A1E7A4F7556}") = "errorReporter", "Eto\errorReporter\errorReporter.csproj", "{E3676D55-B27B-4827-B1B5-67EAF838C080}"
EndProject
Project("{9A19103F-16F7-4668-BE54-9A1E7A4F7556}") = "LibTessDotNet", "Common\LibTessDotNet\LibTessDotNet.csproj", "{8221AABF-E344-4798-BCE3-BC094EB40279}"
EndProject
Project("{9A19103F-16F7-4668-BE54-9A1E7A4F7556}") = "geoCore", "Common\geoCore\geoCore.csproj", "{F928A051-CC83-4610-839B-DA0AE009F436}"
EndProject
Project("{9A19103F-16F7-4668-BE54-9A1E7A4F7556}") = "geoLib", "Common\geoLib\geoLib.csproj", "{FB6E43CD-902E-4319-9342-0D9B75E08CFF}"
EndProject
Project("{9A19103F-16F7-4668-BE54-9A1E7A4F7556}") = "MiscUtil", "Common\MiscUtil\MiscUtil.csproj", "{38FA2602-902D-4361-A03A-902CA7AE256B}"
EndProject
Project("{9A19103F-16F7-4668-BE54-9A1E7A4F7556}") = "geoWrangler", "Common\geoWrangler\geoWrangler.csproj", "{CDFB9996-9F69-4A60-8B8D-418FF1E5F260}"
EndProject
Project("{9A19103F-16F7-4668-BE54-9A1E7A4F7556}") = "utility", "Common\utility\utility.csproj", "{930E4B55-C850-4421-8D1F-8B3D8BA04E8B}"
EndProject
Project("{9A19103F-16F7-4668-BE54-9A1E7A4F7556}") = "info.lundin.math", "Common\info.lundin.math\info.lundin.math.csproj", "{259DB72B-8CD4-4694-BC15-93965D98CAD5}"
EndProject
Project("{9A19103F-16F7-4668-BE54-9A1E7A4F7556}") = "KDTree", "Common\KDTree\KDTree.csproj", "{9E94CD22-721E-428A-92AD-9E43EFB3DEEF}"
EndProject
Project("{9A19103F-16F7-4668-BE54-9A1E7A4F7556}") = "noise", "Common\Noise\noise.csproj", "{44F4F35E-8446-4FA9-A825-D974DF5FF290}"
EndProject
Project("{9A19103F-16F7-4668-BE54-9A1E7A4F7556}") = "HistoTest", "HistoTest\HistoTest.csproj", "{52F6644E-0C29-47EC-BE65-67AF102B52BE}"
EndProject
Project("{2150E333-8FDC-42A3-9474-1A3956D46DE8}") = "Solution Items", "Solution Items", "{B96D9380-E50C-4463-BF8E-7D0754A5CCF2}"
	ProjectSection(SolutionItems) = preProject
		nuget.config = nuget.config
	EndProjectSection
EndProject
Project("{2150E333-8FDC-42A3-9474-1A3956D46DE8}") = "Eto", "Eto", "{29B45695-F41C-467F-A02F-48F20260D398}"
EndProject
Project("{2150E333-8FDC-42A3-9474-1A3956D46DE8}") = "Tests", "Tests", "{F8094304-F2FB-434E-9358-271310D36764}"
EndProject
Project("{2150E333-8FDC-42A3-9474-1A3956D46DE8}") = "Libs", "Libs", "{45517C2A-513E-4B2F-921D-6D26FDA13AC6}"
EndProject
Project("{FAE04EC0-301F-11D3-BF4B-00C04F79EFBC}") = "LHC", "Common\LHC\LHC.csproj", "{163744B3-4565-4AC6-BF25-30DED1F4CEB2}"
EndProject
Project("{FAE04EC0-301F-11D3-BF4B-00C04F79EFBC}") = "Tral.Randomness", "Common\Tral.Randomness\Tral.Randomness.csproj", "{2250809E-2E22-4261-A93E-98EF776AED36}"
EndProject
Project("{FAE04EC0-301F-11D3-BF4B-00C04F79EFBC}") = "Email", "Common\Email\Email.csproj", "{9306081A-AFE0-460C-B7AD-FAED5643443E}"
EndProject
Project("{FAE04EC0-301F-11D3-BF4B-00C04F79EFBC}") = "geoAnalysis", "Common\geoAnalysis\geoAnalysis.csproj", "{8145CE2F-2615-4C68-B992-2216A1C705B7}"
EndProject
Project("{FAE04EC0-301F-11D3-BF4B-00C04F79EFBC}") = "shapeEngine", "Common\shapeEngine\shapeEngine.csproj", "{1644AEDB-5189-4362-A1B9-90187B57E0DA}"
EndProject
Project("{FAE04EC0-301F-11D3-BF4B-00C04F79EFBC}") = "SVGBuilder", "Common\SVGBuilder\SVGBuilder.csproj", "{C050A480-6036-44F9-939C-A2B7BA88810B}"
EndProject
Project("{FAE04EC0-301F-11D3-BF4B-00C04F79EFBC}") = "UnitTests", "UnitTests\UnitTests.csproj", "{D5A7B3F1-D5EC-42EF-AB6D-41049E4B6336}"
EndProject
Project("{FAE04EC0-301F-11D3-BF4B-00C04F79EFBC}") = "Eto.Veldrid", "Eto\Eto.Veldrid\Eto.Veldrid.csproj", "{38F49F8B-A804-4240-91D7-62A0DE444971}"
EndProject
Project("{FAE04EC0-301F-11D3-BF4B-00C04F79EFBC}") = "Eto.Veldrid.Gtk", "Eto\Eto.Veldrid.Gtk\Eto.Veldrid.Gtk.csproj", "{A48862F0-0A13-473E-B282-74CEB396D4C8}"
EndProject
Project("{FAE04EC0-301F-11D3-BF4B-00C04F79EFBC}") = "TestEtoVeldrid", "Eto\TestEtoVeldrid\TestEtoVeldrid.csproj", "{5765355F-7EA5-43D6-8A51-1522BA10F8F1}"
EndProject
Project("{FAE04EC0-301F-11D3-BF4B-00C04F79EFBC}") = "TestEtoVeldrid.Gtk", "Eto\TestEtoVeldrid.Gtk\TestEtoVeldrid.Gtk.csproj", "{509854C5-9142-4BEF-A212-9C864597BEB5}"
EndProject
Project("{FAE04EC0-301F-11D3-BF4B-00C04F79EFBC}") = "Eto.Veldrid.Wpf", "Eto\Eto.Veldrid.Wpf\Eto.Veldrid.Wpf.csproj", "{4EFC34AE-5A46-4985-A0E6-A3FCFEE2570F}"
EndProject
Project("{FAE04EC0-301F-11D3-BF4B-00C04F79EFBC}") = "TestEtoVeldrid.Wpf", "Eto\TestEtoVeldrid.Wpf\TestEtoVeldrid.Wpf.csproj", "{2966B8D2-0B6A-4DCF-9F85-867547A73FEF}"
EndProject
Project("{FAE04EC0-301F-11D3-BF4B-00C04F79EFBC}") = "Eto.VeldridSurface", "Eto\Eto.VeldridSurface\Eto.VeldridSurface.csproj", "{B171A35D-AA2C-4BF5-B017-326F8210ECF4}"
EndProject
Project("{2150E333-8FDC-42A3-9474-1A3956D46DE8}") = "Prototyping", "Prototyping", "{2B36E7D9-A515-49A4-89C7-15862264F516}"
EndProject
Project("{FAE04EC0-301F-11D3-BF4B-00C04F79EFBC}") = "test_ellipse", "Prototyping\test_ellipse\test_ellipse.csproj", "{976E3580-1682-4A38-89CF-8F3C315ACC36}"
EndProject
Global
	GlobalSection(SolutionConfigurationPlatforms) = preSolution
		Debug|Any CPU = Debug|Any CPU
		Debug|x64 = Debug|x64
		Debug|x86 = Debug|x86
		Release|Any CPU = Release|Any CPU
		Release|x64 = Release|x64
		Release|x86 = Release|x86
	EndGlobalSection
	GlobalSection(ProjectConfigurationPlatforms) = postSolution
		{DF5B03B2-1514-4223-9D2B-EEB93A5CEF89}.Debug|Any CPU.ActiveCfg = Debug|Any CPU
		{DF5B03B2-1514-4223-9D2B-EEB93A5CEF89}.Debug|Any CPU.Build.0 = Debug|Any CPU
		{DF5B03B2-1514-4223-9D2B-EEB93A5CEF89}.Debug|x64.ActiveCfg = Debug|Any CPU
		{DF5B03B2-1514-4223-9D2B-EEB93A5CEF89}.Debug|x64.Build.0 = Debug|Any CPU
		{DF5B03B2-1514-4223-9D2B-EEB93A5CEF89}.Debug|x86.ActiveCfg = Debug|Any CPU
		{DF5B03B2-1514-4223-9D2B-EEB93A5CEF89}.Debug|x86.Build.0 = Debug|Any CPU
		{DF5B03B2-1514-4223-9D2B-EEB93A5CEF89}.Release|Any CPU.ActiveCfg = Release|Any CPU
		{DF5B03B2-1514-4223-9D2B-EEB93A5CEF89}.Release|Any CPU.Build.0 = Release|Any CPU
		{DF5B03B2-1514-4223-9D2B-EEB93A5CEF89}.Release|x64.ActiveCfg = Release|Any CPU
		{DF5B03B2-1514-4223-9D2B-EEB93A5CEF89}.Release|x64.Build.0 = Release|Any CPU
		{DF5B03B2-1514-4223-9D2B-EEB93A5CEF89}.Release|x86.ActiveCfg = Release|Any CPU
		{DF5B03B2-1514-4223-9D2B-EEB93A5CEF89}.Release|x86.Build.0 = Release|Any CPU
		{B4E0DF49-5450-4CD0-81CF-D13995784D1F}.Debug|Any CPU.ActiveCfg = Debug|Any CPU
		{B4E0DF49-5450-4CD0-81CF-D13995784D1F}.Debug|Any CPU.Build.0 = Debug|Any CPU
		{B4E0DF49-5450-4CD0-81CF-D13995784D1F}.Debug|x64.ActiveCfg = Debug|Any CPU
		{B4E0DF49-5450-4CD0-81CF-D13995784D1F}.Debug|x64.Build.0 = Debug|Any CPU
		{B4E0DF49-5450-4CD0-81CF-D13995784D1F}.Debug|x86.ActiveCfg = Debug|Any CPU
		{B4E0DF49-5450-4CD0-81CF-D13995784D1F}.Debug|x86.Build.0 = Debug|Any CPU
		{B4E0DF49-5450-4CD0-81CF-D13995784D1F}.Release|Any CPU.ActiveCfg = Release|Any CPU
		{B4E0DF49-5450-4CD0-81CF-D13995784D1F}.Release|Any CPU.Build.0 = Release|Any CPU
		{B4E0DF49-5450-4CD0-81CF-D13995784D1F}.Release|x64.ActiveCfg = Release|Any CPU
		{B4E0DF49-5450-4CD0-81CF-D13995784D1F}.Release|x64.Build.0 = Release|Any CPU
		{B4E0DF49-5450-4CD0-81CF-D13995784D1F}.Release|x86.ActiveCfg = Release|Any CPU
		{B4E0DF49-5450-4CD0-81CF-D13995784D1F}.Release|x86.Build.0 = Release|Any CPU
		{F1F90248-4928-471E-A34E-5234FC0C8957}.Debug|Any CPU.ActiveCfg = Debug|Any CPU
		{F1F90248-4928-471E-A34E-5234FC0C8957}.Debug|Any CPU.Build.0 = Debug|Any CPU
		{F1F90248-4928-471E-A34E-5234FC0C8957}.Debug|x64.ActiveCfg = Debug|Any CPU
		{F1F90248-4928-471E-A34E-5234FC0C8957}.Debug|x64.Build.0 = Debug|Any CPU
		{F1F90248-4928-471E-A34E-5234FC0C8957}.Debug|x86.ActiveCfg = Debug|Any CPU
		{F1F90248-4928-471E-A34E-5234FC0C8957}.Debug|x86.Build.0 = Debug|Any CPU
		{F1F90248-4928-471E-A34E-5234FC0C8957}.Release|Any CPU.ActiveCfg = Release|Any CPU
		{F1F90248-4928-471E-A34E-5234FC0C8957}.Release|Any CPU.Build.0 = Release|Any CPU
		{F1F90248-4928-471E-A34E-5234FC0C8957}.Release|x64.ActiveCfg = Release|Any CPU
		{F1F90248-4928-471E-A34E-5234FC0C8957}.Release|x64.Build.0 = Release|Any CPU
		{F1F90248-4928-471E-A34E-5234FC0C8957}.Release|x86.ActiveCfg = Release|Any CPU
		{F1F90248-4928-471E-A34E-5234FC0C8957}.Release|x86.Build.0 = Release|Any CPU
		{8F68FFC9-C127-4F6A-9773-8C7BDA276875}.Debug|Any CPU.ActiveCfg = Debug|Any CPU
		{8F68FFC9-C127-4F6A-9773-8C7BDA276875}.Debug|Any CPU.Build.0 = Debug|Any CPU
		{8F68FFC9-C127-4F6A-9773-8C7BDA276875}.Debug|x64.ActiveCfg = Debug|Any CPU
		{8F68FFC9-C127-4F6A-9773-8C7BDA276875}.Debug|x64.Build.0 = Debug|Any CPU
		{8F68FFC9-C127-4F6A-9773-8C7BDA276875}.Debug|x86.ActiveCfg = Debug|Any CPU
		{8F68FFC9-C127-4F6A-9773-8C7BDA276875}.Debug|x86.Build.0 = Debug|Any CPU
		{8F68FFC9-C127-4F6A-9773-8C7BDA276875}.Release|Any CPU.ActiveCfg = Release|Any CPU
		{8F68FFC9-C127-4F6A-9773-8C7BDA276875}.Release|Any CPU.Build.0 = Release|Any CPU
		{8F68FFC9-C127-4F6A-9773-8C7BDA276875}.Release|x64.ActiveCfg = Release|Any CPU
		{8F68FFC9-C127-4F6A-9773-8C7BDA276875}.Release|x64.Build.0 = Release|Any CPU
		{8F68FFC9-C127-4F6A-9773-8C7BDA276875}.Release|x86.ActiveCfg = Release|Any CPU
		{8F68FFC9-C127-4F6A-9773-8C7BDA276875}.Release|x86.Build.0 = Release|Any CPU
		{E3676D55-B27B-4827-B1B5-67EAF838C080}.Debug|Any CPU.ActiveCfg = Debug|Any CPU
		{E3676D55-B27B-4827-B1B5-67EAF838C080}.Debug|Any CPU.Build.0 = Debug|Any CPU
		{E3676D55-B27B-4827-B1B5-67EAF838C080}.Debug|x64.ActiveCfg = Debug|Any CPU
		{E3676D55-B27B-4827-B1B5-67EAF838C080}.Debug|x64.Build.0 = Debug|Any CPU
		{E3676D55-B27B-4827-B1B5-67EAF838C080}.Debug|x86.ActiveCfg = Debug|Any CPU
		{E3676D55-B27B-4827-B1B5-67EAF838C080}.Debug|x86.Build.0 = Debug|Any CPU
		{E3676D55-B27B-4827-B1B5-67EAF838C080}.Release|Any CPU.ActiveCfg = Release|Any CPU
		{E3676D55-B27B-4827-B1B5-67EAF838C080}.Release|Any CPU.Build.0 = Release|Any CPU
		{E3676D55-B27B-4827-B1B5-67EAF838C080}.Release|x64.ActiveCfg = Release|Any CPU
		{E3676D55-B27B-4827-B1B5-67EAF838C080}.Release|x64.Build.0 = Release|Any CPU
		{E3676D55-B27B-4827-B1B5-67EAF838C080}.Release|x86.ActiveCfg = Release|Any CPU
		{E3676D55-B27B-4827-B1B5-67EAF838C080}.Release|x86.Build.0 = Release|Any CPU
		{8221AABF-E344-4798-BCE3-BC094EB40279}.Debug|Any CPU.ActiveCfg = Debug|Any CPU
		{8221AABF-E344-4798-BCE3-BC094EB40279}.Debug|Any CPU.Build.0 = Debug|Any CPU
		{8221AABF-E344-4798-BCE3-BC094EB40279}.Debug|x64.ActiveCfg = Debug|Any CPU
		{8221AABF-E344-4798-BCE3-BC094EB40279}.Debug|x64.Build.0 = Debug|Any CPU
		{8221AABF-E344-4798-BCE3-BC094EB40279}.Debug|x86.ActiveCfg = Debug|Any CPU
		{8221AABF-E344-4798-BCE3-BC094EB40279}.Debug|x86.Build.0 = Debug|Any CPU
		{8221AABF-E344-4798-BCE3-BC094EB40279}.Release|Any CPU.ActiveCfg = Release|Any CPU
		{8221AABF-E344-4798-BCE3-BC094EB40279}.Release|Any CPU.Build.0 = Release|Any CPU
		{8221AABF-E344-4798-BCE3-BC094EB40279}.Release|x64.ActiveCfg = Release|Any CPU
		{8221AABF-E344-4798-BCE3-BC094EB40279}.Release|x64.Build.0 = Release|Any CPU
		{8221AABF-E344-4798-BCE3-BC094EB40279}.Release|x86.ActiveCfg = Release|Any CPU
		{8221AABF-E344-4798-BCE3-BC094EB40279}.Release|x86.Build.0 = Release|Any CPU
		{F928A051-CC83-4610-839B-DA0AE009F436}.Debug|Any CPU.ActiveCfg = Debug|Any CPU
		{F928A051-CC83-4610-839B-DA0AE009F436}.Debug|Any CPU.Build.0 = Debug|Any CPU
		{F928A051-CC83-4610-839B-DA0AE009F436}.Debug|x64.ActiveCfg = Debug|Any CPU
		{F928A051-CC83-4610-839B-DA0AE009F436}.Debug|x64.Build.0 = Debug|Any CPU
		{F928A051-CC83-4610-839B-DA0AE009F436}.Debug|x86.ActiveCfg = Debug|Any CPU
		{F928A051-CC83-4610-839B-DA0AE009F436}.Debug|x86.Build.0 = Debug|Any CPU
		{F928A051-CC83-4610-839B-DA0AE009F436}.Release|Any CPU.ActiveCfg = Release|Any CPU
		{F928A051-CC83-4610-839B-DA0AE009F436}.Release|Any CPU.Build.0 = Release|Any CPU
		{F928A051-CC83-4610-839B-DA0AE009F436}.Release|x64.ActiveCfg = Release|Any CPU
		{F928A051-CC83-4610-839B-DA0AE009F436}.Release|x64.Build.0 = Release|Any CPU
		{F928A051-CC83-4610-839B-DA0AE009F436}.Release|x86.ActiveCfg = Release|Any CPU
		{F928A051-CC83-4610-839B-DA0AE009F436}.Release|x86.Build.0 = Release|Any CPU
		{FB6E43CD-902E-4319-9342-0D9B75E08CFF}.Debug|Any CPU.ActiveCfg = Debug|Any CPU
		{FB6E43CD-902E-4319-9342-0D9B75E08CFF}.Debug|Any CPU.Build.0 = Debug|Any CPU
		{FB6E43CD-902E-4319-9342-0D9B75E08CFF}.Debug|x64.ActiveCfg = Debug|Any CPU
		{FB6E43CD-902E-4319-9342-0D9B75E08CFF}.Debug|x64.Build.0 = Debug|Any CPU
		{FB6E43CD-902E-4319-9342-0D9B75E08CFF}.Debug|x86.ActiveCfg = Debug|Any CPU
		{FB6E43CD-902E-4319-9342-0D9B75E08CFF}.Debug|x86.Build.0 = Debug|Any CPU
		{FB6E43CD-902E-4319-9342-0D9B75E08CFF}.Release|Any CPU.ActiveCfg = Release|Any CPU
		{FB6E43CD-902E-4319-9342-0D9B75E08CFF}.Release|Any CPU.Build.0 = Release|Any CPU
		{FB6E43CD-902E-4319-9342-0D9B75E08CFF}.Release|x64.ActiveCfg = Release|Any CPU
		{FB6E43CD-902E-4319-9342-0D9B75E08CFF}.Release|x64.Build.0 = Release|Any CPU
		{FB6E43CD-902E-4319-9342-0D9B75E08CFF}.Release|x86.ActiveCfg = Release|Any CPU
		{FB6E43CD-902E-4319-9342-0D9B75E08CFF}.Release|x86.Build.0 = Release|Any CPU
		{38FA2602-902D-4361-A03A-902CA7AE256B}.Debug|Any CPU.ActiveCfg = Debug|Any CPU
		{38FA2602-902D-4361-A03A-902CA7AE256B}.Debug|Any CPU.Build.0 = Debug|Any CPU
		{38FA2602-902D-4361-A03A-902CA7AE256B}.Debug|x64.ActiveCfg = Debug|Any CPU
		{38FA2602-902D-4361-A03A-902CA7AE256B}.Debug|x64.Build.0 = Debug|Any CPU
		{38FA2602-902D-4361-A03A-902CA7AE256B}.Debug|x86.ActiveCfg = Debug|Any CPU
		{38FA2602-902D-4361-A03A-902CA7AE256B}.Debug|x86.Build.0 = Debug|Any CPU
		{38FA2602-902D-4361-A03A-902CA7AE256B}.Release|Any CPU.ActiveCfg = Release|Any CPU
		{38FA2602-902D-4361-A03A-902CA7AE256B}.Release|Any CPU.Build.0 = Release|Any CPU
		{38FA2602-902D-4361-A03A-902CA7AE256B}.Release|x64.ActiveCfg = Release|Any CPU
		{38FA2602-902D-4361-A03A-902CA7AE256B}.Release|x64.Build.0 = Release|Any CPU
		{38FA2602-902D-4361-A03A-902CA7AE256B}.Release|x86.ActiveCfg = Release|Any CPU
		{38FA2602-902D-4361-A03A-902CA7AE256B}.Release|x86.Build.0 = Release|Any CPU
		{CDFB9996-9F69-4A60-8B8D-418FF1E5F260}.Debug|Any CPU.ActiveCfg = Debug|Any CPU
		{CDFB9996-9F69-4A60-8B8D-418FF1E5F260}.Debug|Any CPU.Build.0 = Debug|Any CPU
		{CDFB9996-9F69-4A60-8B8D-418FF1E5F260}.Debug|x64.ActiveCfg = Debug|Any CPU
		{CDFB9996-9F69-4A60-8B8D-418FF1E5F260}.Debug|x64.Build.0 = Debug|Any CPU
		{CDFB9996-9F69-4A60-8B8D-418FF1E5F260}.Debug|x86.ActiveCfg = Debug|Any CPU
		{CDFB9996-9F69-4A60-8B8D-418FF1E5F260}.Debug|x86.Build.0 = Debug|Any CPU
		{CDFB9996-9F69-4A60-8B8D-418FF1E5F260}.Release|Any CPU.ActiveCfg = Release|Any CPU
		{CDFB9996-9F69-4A60-8B8D-418FF1E5F260}.Release|Any CPU.Build.0 = Release|Any CPU
		{CDFB9996-9F69-4A60-8B8D-418FF1E5F260}.Release|x64.ActiveCfg = Release|Any CPU
		{CDFB9996-9F69-4A60-8B8D-418FF1E5F260}.Release|x64.Build.0 = Release|Any CPU
		{CDFB9996-9F69-4A60-8B8D-418FF1E5F260}.Release|x86.ActiveCfg = Release|Any CPU
		{CDFB9996-9F69-4A60-8B8D-418FF1E5F260}.Release|x86.Build.0 = Release|Any CPU
		{930E4B55-C850-4421-8D1F-8B3D8BA04E8B}.Debug|Any CPU.ActiveCfg = Debug|Any CPU
		{930E4B55-C850-4421-8D1F-8B3D8BA04E8B}.Debug|Any CPU.Build.0 = Debug|Any CPU
		{930E4B55-C850-4421-8D1F-8B3D8BA04E8B}.Debug|x64.ActiveCfg = Debug|Any CPU
		{930E4B55-C850-4421-8D1F-8B3D8BA04E8B}.Debug|x64.Build.0 = Debug|Any CPU
		{930E4B55-C850-4421-8D1F-8B3D8BA04E8B}.Debug|x86.ActiveCfg = Debug|Any CPU
		{930E4B55-C850-4421-8D1F-8B3D8BA04E8B}.Debug|x86.Build.0 = Debug|Any CPU
		{930E4B55-C850-4421-8D1F-8B3D8BA04E8B}.Release|Any CPU.ActiveCfg = Release|Any CPU
		{930E4B55-C850-4421-8D1F-8B3D8BA04E8B}.Release|Any CPU.Build.0 = Release|Any CPU
		{930E4B55-C850-4421-8D1F-8B3D8BA04E8B}.Release|x64.ActiveCfg = Release|Any CPU
		{930E4B55-C850-4421-8D1F-8B3D8BA04E8B}.Release|x64.Build.0 = Release|Any CPU
		{930E4B55-C850-4421-8D1F-8B3D8BA04E8B}.Release|x86.ActiveCfg = Release|Any CPU
		{930E4B55-C850-4421-8D1F-8B3D8BA04E8B}.Release|x86.Build.0 = Release|Any CPU
		{259DB72B-8CD4-4694-BC15-93965D98CAD5}.Debug|Any CPU.ActiveCfg = Debug|Any CPU
		{259DB72B-8CD4-4694-BC15-93965D98CAD5}.Debug|Any CPU.Build.0 = Debug|Any CPU
		{259DB72B-8CD4-4694-BC15-93965D98CAD5}.Debug|x64.ActiveCfg = Debug|Any CPU
		{259DB72B-8CD4-4694-BC15-93965D98CAD5}.Debug|x64.Build.0 = Debug|Any CPU
		{259DB72B-8CD4-4694-BC15-93965D98CAD5}.Debug|x86.ActiveCfg = Debug|Any CPU
		{259DB72B-8CD4-4694-BC15-93965D98CAD5}.Debug|x86.Build.0 = Debug|Any CPU
		{259DB72B-8CD4-4694-BC15-93965D98CAD5}.Release|Any CPU.ActiveCfg = Release|Any CPU
		{259DB72B-8CD4-4694-BC15-93965D98CAD5}.Release|Any CPU.Build.0 = Release|Any CPU
		{259DB72B-8CD4-4694-BC15-93965D98CAD5}.Release|x64.ActiveCfg = Release|Any CPU
		{259DB72B-8CD4-4694-BC15-93965D98CAD5}.Release|x64.Build.0 = Release|Any CPU
		{259DB72B-8CD4-4694-BC15-93965D98CAD5}.Release|x86.ActiveCfg = Release|Any CPU
		{259DB72B-8CD4-4694-BC15-93965D98CAD5}.Release|x86.Build.0 = Release|Any CPU
		{9E94CD22-721E-428A-92AD-9E43EFB3DEEF}.Debug|Any CPU.ActiveCfg = Debug|Any CPU
		{9E94CD22-721E-428A-92AD-9E43EFB3DEEF}.Debug|Any CPU.Build.0 = Debug|Any CPU
		{9E94CD22-721E-428A-92AD-9E43EFB3DEEF}.Debug|x64.ActiveCfg = Debug|Any CPU
		{9E94CD22-721E-428A-92AD-9E43EFB3DEEF}.Debug|x64.Build.0 = Debug|Any CPU
		{9E94CD22-721E-428A-92AD-9E43EFB3DEEF}.Debug|x86.ActiveCfg = Debug|Any CPU
		{9E94CD22-721E-428A-92AD-9E43EFB3DEEF}.Debug|x86.Build.0 = Debug|Any CPU
		{9E94CD22-721E-428A-92AD-9E43EFB3DEEF}.Release|Any CPU.ActiveCfg = Release|Any CPU
		{9E94CD22-721E-428A-92AD-9E43EFB3DEEF}.Release|Any CPU.Build.0 = Release|Any CPU
		{9E94CD22-721E-428A-92AD-9E43EFB3DEEF}.Release|x64.ActiveCfg = Release|Any CPU
		{9E94CD22-721E-428A-92AD-9E43EFB3DEEF}.Release|x64.Build.0 = Release|Any CPU
		{9E94CD22-721E-428A-92AD-9E43EFB3DEEF}.Release|x86.ActiveCfg = Release|Any CPU
		{9E94CD22-721E-428A-92AD-9E43EFB3DEEF}.Release|x86.Build.0 = Release|Any CPU
		{44F4F35E-8446-4FA9-A825-D974DF5FF290}.Debug|Any CPU.ActiveCfg = Debug|Any CPU
		{44F4F35E-8446-4FA9-A825-D974DF5FF290}.Debug|Any CPU.Build.0 = Debug|Any CPU
		{44F4F35E-8446-4FA9-A825-D974DF5FF290}.Debug|x64.ActiveCfg = Debug|Any CPU
		{44F4F35E-8446-4FA9-A825-D974DF5FF290}.Debug|x64.Build.0 = Debug|Any CPU
		{44F4F35E-8446-4FA9-A825-D974DF5FF290}.Debug|x86.ActiveCfg = Debug|Any CPU
		{44F4F35E-8446-4FA9-A825-D974DF5FF290}.Debug|x86.Build.0 = Debug|Any CPU
		{44F4F35E-8446-4FA9-A825-D974DF5FF290}.Release|Any CPU.ActiveCfg = Release|Any CPU
		{44F4F35E-8446-4FA9-A825-D974DF5FF290}.Release|Any CPU.Build.0 = Release|Any CPU
		{44F4F35E-8446-4FA9-A825-D974DF5FF290}.Release|x64.ActiveCfg = Release|Any CPU
		{44F4F35E-8446-4FA9-A825-D974DF5FF290}.Release|x64.Build.0 = Release|Any CPU
		{44F4F35E-8446-4FA9-A825-D974DF5FF290}.Release|x86.ActiveCfg = Release|Any CPU
		{44F4F35E-8446-4FA9-A825-D974DF5FF290}.Release|x86.Build.0 = Release|Any CPU
		{52F6644E-0C29-47EC-BE65-67AF102B52BE}.Debug|Any CPU.ActiveCfg = Debug|Any CPU
		{52F6644E-0C29-47EC-BE65-67AF102B52BE}.Debug|Any CPU.Build.0 = Debug|Any CPU
		{52F6644E-0C29-47EC-BE65-67AF102B52BE}.Debug|x64.ActiveCfg = Debug|Any CPU
		{52F6644E-0C29-47EC-BE65-67AF102B52BE}.Debug|x64.Build.0 = Debug|Any CPU
		{52F6644E-0C29-47EC-BE65-67AF102B52BE}.Debug|x86.ActiveCfg = Debug|Any CPU
		{52F6644E-0C29-47EC-BE65-67AF102B52BE}.Debug|x86.Build.0 = Debug|Any CPU
		{52F6644E-0C29-47EC-BE65-67AF102B52BE}.Release|Any CPU.ActiveCfg = Release|Any CPU
		{52F6644E-0C29-47EC-BE65-67AF102B52BE}.Release|Any CPU.Build.0 = Release|Any CPU
		{52F6644E-0C29-47EC-BE65-67AF102B52BE}.Release|x64.ActiveCfg = Release|Any CPU
		{52F6644E-0C29-47EC-BE65-67AF102B52BE}.Release|x64.Build.0 = Release|Any CPU
		{52F6644E-0C29-47EC-BE65-67AF102B52BE}.Release|x86.ActiveCfg = Release|Any CPU
		{52F6644E-0C29-47EC-BE65-67AF102B52BE}.Release|x86.Build.0 = Release|Any CPU
		{163744B3-4565-4AC6-BF25-30DED1F4CEB2}.Debug|Any CPU.ActiveCfg = Debug|Any CPU
		{163744B3-4565-4AC6-BF25-30DED1F4CEB2}.Debug|Any CPU.Build.0 = Debug|Any CPU
		{163744B3-4565-4AC6-BF25-30DED1F4CEB2}.Debug|x64.ActiveCfg = Debug|Any CPU
		{163744B3-4565-4AC6-BF25-30DED1F4CEB2}.Debug|x64.Build.0 = Debug|Any CPU
		{163744B3-4565-4AC6-BF25-30DED1F4CEB2}.Debug|x86.ActiveCfg = Debug|Any CPU
		{163744B3-4565-4AC6-BF25-30DED1F4CEB2}.Debug|x86.Build.0 = Debug|Any CPU
		{163744B3-4565-4AC6-BF25-30DED1F4CEB2}.Release|Any CPU.ActiveCfg = Release|Any CPU
		{163744B3-4565-4AC6-BF25-30DED1F4CEB2}.Release|Any CPU.Build.0 = Release|Any CPU
		{163744B3-4565-4AC6-BF25-30DED1F4CEB2}.Release|x64.ActiveCfg = Release|Any CPU
		{163744B3-4565-4AC6-BF25-30DED1F4CEB2}.Release|x64.Build.0 = Release|Any CPU
		{163744B3-4565-4AC6-BF25-30DED1F4CEB2}.Release|x86.ActiveCfg = Release|Any CPU
		{163744B3-4565-4AC6-BF25-30DED1F4CEB2}.Release|x86.Build.0 = Release|Any CPU
		{2250809E-2E22-4261-A93E-98EF776AED36}.Debug|Any CPU.ActiveCfg = Debug|Any CPU
		{2250809E-2E22-4261-A93E-98EF776AED36}.Debug|Any CPU.Build.0 = Debug|Any CPU
		{2250809E-2E22-4261-A93E-98EF776AED36}.Debug|x64.ActiveCfg = Debug|x64
		{2250809E-2E22-4261-A93E-98EF776AED36}.Debug|x64.Build.0 = Debug|x64
		{2250809E-2E22-4261-A93E-98EF776AED36}.Debug|x86.ActiveCfg = Debug|Any CPU
		{2250809E-2E22-4261-A93E-98EF776AED36}.Debug|x86.Build.0 = Debug|Any CPU
		{2250809E-2E22-4261-A93E-98EF776AED36}.Release|Any CPU.ActiveCfg = Release|Any CPU
		{2250809E-2E22-4261-A93E-98EF776AED36}.Release|Any CPU.Build.0 = Release|Any CPU
		{2250809E-2E22-4261-A93E-98EF776AED36}.Release|x64.ActiveCfg = Release|x64
		{2250809E-2E22-4261-A93E-98EF776AED36}.Release|x64.Build.0 = Release|x64
		{2250809E-2E22-4261-A93E-98EF776AED36}.Release|x86.ActiveCfg = Release|Any CPU
		{2250809E-2E22-4261-A93E-98EF776AED36}.Release|x86.Build.0 = Release|Any CPU
		{9306081A-AFE0-460C-B7AD-FAED5643443E}.Debug|Any CPU.ActiveCfg = Debug|Any CPU
		{9306081A-AFE0-460C-B7AD-FAED5643443E}.Debug|Any CPU.Build.0 = Debug|Any CPU
		{9306081A-AFE0-460C-B7AD-FAED5643443E}.Debug|x64.ActiveCfg = Debug|Any CPU
		{9306081A-AFE0-460C-B7AD-FAED5643443E}.Debug|x64.Build.0 = Debug|Any CPU
		{9306081A-AFE0-460C-B7AD-FAED5643443E}.Debug|x86.ActiveCfg = Debug|Any CPU
		{9306081A-AFE0-460C-B7AD-FAED5643443E}.Debug|x86.Build.0 = Debug|Any CPU
		{9306081A-AFE0-460C-B7AD-FAED5643443E}.Release|Any CPU.ActiveCfg = Release|Any CPU
		{9306081A-AFE0-460C-B7AD-FAED5643443E}.Release|Any CPU.Build.0 = Release|Any CPU
		{9306081A-AFE0-460C-B7AD-FAED5643443E}.Release|x64.ActiveCfg = Release|Any CPU
		{9306081A-AFE0-460C-B7AD-FAED5643443E}.Release|x64.Build.0 = Release|Any CPU
		{9306081A-AFE0-460C-B7AD-FAED5643443E}.Release|x86.ActiveCfg = Release|Any CPU
		{9306081A-AFE0-460C-B7AD-FAED5643443E}.Release|x86.Build.0 = Release|Any CPU
		{8145CE2F-2615-4C68-B992-2216A1C705B7}.Debug|Any CPU.ActiveCfg = Debug|Any CPU
		{8145CE2F-2615-4C68-B992-2216A1C705B7}.Debug|Any CPU.Build.0 = Debug|Any CPU
		{8145CE2F-2615-4C68-B992-2216A1C705B7}.Debug|x64.ActiveCfg = Debug|Any CPU
		{8145CE2F-2615-4C68-B992-2216A1C705B7}.Debug|x64.Build.0 = Debug|Any CPU
		{8145CE2F-2615-4C68-B992-2216A1C705B7}.Debug|x86.ActiveCfg = Debug|Any CPU
		{8145CE2F-2615-4C68-B992-2216A1C705B7}.Debug|x86.Build.0 = Debug|Any CPU
		{8145CE2F-2615-4C68-B992-2216A1C705B7}.Release|Any CPU.ActiveCfg = Release|Any CPU
		{8145CE2F-2615-4C68-B992-2216A1C705B7}.Release|Any CPU.Build.0 = Release|Any CPU
		{8145CE2F-2615-4C68-B992-2216A1C705B7}.Release|x64.ActiveCfg = Release|Any CPU
		{8145CE2F-2615-4C68-B992-2216A1C705B7}.Release|x64.Build.0 = Release|Any CPU
		{8145CE2F-2615-4C68-B992-2216A1C705B7}.Release|x86.ActiveCfg = Release|Any CPU
		{8145CE2F-2615-4C68-B992-2216A1C705B7}.Release|x86.Build.0 = Release|Any CPU
		{1644AEDB-5189-4362-A1B9-90187B57E0DA}.Debug|Any CPU.ActiveCfg = Debug|Any CPU
		{1644AEDB-5189-4362-A1B9-90187B57E0DA}.Debug|Any CPU.Build.0 = Debug|Any CPU
		{1644AEDB-5189-4362-A1B9-90187B57E0DA}.Debug|x64.ActiveCfg = Debug|Any CPU
		{1644AEDB-5189-4362-A1B9-90187B57E0DA}.Debug|x64.Build.0 = Debug|Any CPU
		{1644AEDB-5189-4362-A1B9-90187B57E0DA}.Debug|x86.ActiveCfg = Debug|Any CPU
		{1644AEDB-5189-4362-A1B9-90187B57E0DA}.Debug|x86.Build.0 = Debug|Any CPU
		{1644AEDB-5189-4362-A1B9-90187B57E0DA}.Release|Any CPU.ActiveCfg = Release|Any CPU
		{1644AEDB-5189-4362-A1B9-90187B57E0DA}.Release|Any CPU.Build.0 = Release|Any CPU
		{1644AEDB-5189-4362-A1B9-90187B57E0DA}.Release|x64.ActiveCfg = Release|Any CPU
		{1644AEDB-5189-4362-A1B9-90187B57E0DA}.Release|x64.Build.0 = Release|Any CPU
		{1644AEDB-5189-4362-A1B9-90187B57E0DA}.Release|x86.ActiveCfg = Release|Any CPU
		{1644AEDB-5189-4362-A1B9-90187B57E0DA}.Release|x86.Build.0 = Release|Any CPU
		{C050A480-6036-44F9-939C-A2B7BA88810B}.Debug|Any CPU.ActiveCfg = Debug|Any CPU
		{C050A480-6036-44F9-939C-A2B7BA88810B}.Debug|Any CPU.Build.0 = Debug|Any CPU
		{C050A480-6036-44F9-939C-A2B7BA88810B}.Debug|x64.ActiveCfg = Debug|Any CPU
		{C050A480-6036-44F9-939C-A2B7BA88810B}.Debug|x64.Build.0 = Debug|Any CPU
		{C050A480-6036-44F9-939C-A2B7BA88810B}.Debug|x86.ActiveCfg = Debug|Any CPU
		{C050A480-6036-44F9-939C-A2B7BA88810B}.Debug|x86.Build.0 = Debug|Any CPU
		{C050A480-6036-44F9-939C-A2B7BA88810B}.Release|Any CPU.ActiveCfg = Release|Any CPU
		{C050A480-6036-44F9-939C-A2B7BA88810B}.Release|Any CPU.Build.0 = Release|Any CPU
		{C050A480-6036-44F9-939C-A2B7BA88810B}.Release|x64.ActiveCfg = Release|Any CPU
		{C050A480-6036-44F9-939C-A2B7BA88810B}.Release|x64.Build.0 = Release|Any CPU
		{C050A480-6036-44F9-939C-A2B7BA88810B}.Release|x86.ActiveCfg = Release|Any CPU
		{C050A480-6036-44F9-939C-A2B7BA88810B}.Release|x86.Build.0 = Release|Any CPU
		{D5A7B3F1-D5EC-42EF-AB6D-41049E4B6336}.Debug|Any CPU.ActiveCfg = Debug|Any CPU
		{D5A7B3F1-D5EC-42EF-AB6D-41049E4B6336}.Debug|Any CPU.Build.0 = Debug|Any CPU
		{D5A7B3F1-D5EC-42EF-AB6D-41049E4B6336}.Debug|x64.ActiveCfg = Debug|Any CPU
		{D5A7B3F1-D5EC-42EF-AB6D-41049E4B6336}.Debug|x64.Build.0 = Debug|Any CPU
		{D5A7B3F1-D5EC-42EF-AB6D-41049E4B6336}.Debug|x86.ActiveCfg = Debug|Any CPU
		{D5A7B3F1-D5EC-42EF-AB6D-41049E4B6336}.Debug|x86.Build.0 = Debug|Any CPU
		{D5A7B3F1-D5EC-42EF-AB6D-41049E4B6336}.Release|Any CPU.ActiveCfg = Release|Any CPU
		{D5A7B3F1-D5EC-42EF-AB6D-41049E4B6336}.Release|Any CPU.Build.0 = Release|Any CPU
		{D5A7B3F1-D5EC-42EF-AB6D-41049E4B6336}.Release|x64.ActiveCfg = Release|Any CPU
		{D5A7B3F1-D5EC-42EF-AB6D-41049E4B6336}.Release|x64.Build.0 = Release|Any CPU
		{D5A7B3F1-D5EC-42EF-AB6D-41049E4B6336}.Release|x86.ActiveCfg = Release|Any CPU
		{D5A7B3F1-D5EC-42EF-AB6D-41049E4B6336}.Release|x86.Build.0 = Release|Any CPU
		{38F49F8B-A804-4240-91D7-62A0DE444971}.Debug|Any CPU.ActiveCfg = Debug|Any CPU
		{38F49F8B-A804-4240-91D7-62A0DE444971}.Debug|Any CPU.Build.0 = Debug|Any CPU
		{38F49F8B-A804-4240-91D7-62A0DE444971}.Debug|x64.ActiveCfg = Debug|Any CPU
		{38F49F8B-A804-4240-91D7-62A0DE444971}.Debug|x64.Build.0 = Debug|Any CPU
		{38F49F8B-A804-4240-91D7-62A0DE444971}.Debug|x86.ActiveCfg = Debug|Any CPU
		{38F49F8B-A804-4240-91D7-62A0DE444971}.Debug|x86.Build.0 = Debug|Any CPU
		{38F49F8B-A804-4240-91D7-62A0DE444971}.Release|Any CPU.ActiveCfg = Release|Any CPU
		{38F49F8B-A804-4240-91D7-62A0DE444971}.Release|Any CPU.Build.0 = Release|Any CPU
		{38F49F8B-A804-4240-91D7-62A0DE444971}.Release|x64.ActiveCfg = Release|Any CPU
		{38F49F8B-A804-4240-91D7-62A0DE444971}.Release|x64.Build.0 = Release|Any CPU
		{38F49F8B-A804-4240-91D7-62A0DE444971}.Release|x86.ActiveCfg = Release|Any CPU
		{38F49F8B-A804-4240-91D7-62A0DE444971}.Release|x86.Build.0 = Release|Any CPU
		{A48862F0-0A13-473E-B282-74CEB396D4C8}.Debug|Any CPU.ActiveCfg = Debug|Any CPU
		{A48862F0-0A13-473E-B282-74CEB396D4C8}.Debug|Any CPU.Build.0 = Debug|Any CPU
		{A48862F0-0A13-473E-B282-74CEB396D4C8}.Debug|x64.ActiveCfg = Debug|Any CPU
		{A48862F0-0A13-473E-B282-74CEB396D4C8}.Debug|x64.Build.0 = Debug|Any CPU
		{A48862F0-0A13-473E-B282-74CEB396D4C8}.Debug|x86.ActiveCfg = Debug|Any CPU
		{A48862F0-0A13-473E-B282-74CEB396D4C8}.Debug|x86.Build.0 = Debug|Any CPU
		{A48862F0-0A13-473E-B282-74CEB396D4C8}.Release|Any CPU.ActiveCfg = Release|Any CPU
		{A48862F0-0A13-473E-B282-74CEB396D4C8}.Release|Any CPU.Build.0 = Release|Any CPU
		{A48862F0-0A13-473E-B282-74CEB396D4C8}.Release|x64.ActiveCfg = Release|Any CPU
		{A48862F0-0A13-473E-B282-74CEB396D4C8}.Release|x64.Build.0 = Release|Any CPU
		{A48862F0-0A13-473E-B282-74CEB396D4C8}.Release|x86.ActiveCfg = Release|Any CPU
		{A48862F0-0A13-473E-B282-74CEB396D4C8}.Release|x86.Build.0 = Release|Any CPU
		{5765355F-7EA5-43D6-8A51-1522BA10F8F1}.Debug|Any CPU.ActiveCfg = Debug|Any CPU
		{5765355F-7EA5-43D6-8A51-1522BA10F8F1}.Debug|Any CPU.Build.0 = Debug|Any CPU
		{5765355F-7EA5-43D6-8A51-1522BA10F8F1}.Debug|x64.ActiveCfg = Debug|Any CPU
		{5765355F-7EA5-43D6-8A51-1522BA10F8F1}.Debug|x64.Build.0 = Debug|Any CPU
		{5765355F-7EA5-43D6-8A51-1522BA10F8F1}.Debug|x86.ActiveCfg = Debug|Any CPU
		{5765355F-7EA5-43D6-8A51-1522BA10F8F1}.Debug|x86.Build.0 = Debug|Any CPU
		{5765355F-7EA5-43D6-8A51-1522BA10F8F1}.Release|Any CPU.ActiveCfg = Release|Any CPU
		{5765355F-7EA5-43D6-8A51-1522BA10F8F1}.Release|Any CPU.Build.0 = Release|Any CPU
		{5765355F-7EA5-43D6-8A51-1522BA10F8F1}.Release|x64.ActiveCfg = Release|Any CPU
		{5765355F-7EA5-43D6-8A51-1522BA10F8F1}.Release|x64.Build.0 = Release|Any CPU
		{5765355F-7EA5-43D6-8A51-1522BA10F8F1}.Release|x86.ActiveCfg = Release|Any CPU
		{5765355F-7EA5-43D6-8A51-1522BA10F8F1}.Release|x86.Build.0 = Release|Any CPU
		{509854C5-9142-4BEF-A212-9C864597BEB5}.Debug|Any CPU.ActiveCfg = Debug|Any CPU
		{509854C5-9142-4BEF-A212-9C864597BEB5}.Debug|Any CPU.Build.0 = Debug|Any CPU
		{509854C5-9142-4BEF-A212-9C864597BEB5}.Debug|x64.ActiveCfg = Debug|Any CPU
		{509854C5-9142-4BEF-A212-9C864597BEB5}.Debug|x64.Build.0 = Debug|Any CPU
		{509854C5-9142-4BEF-A212-9C864597BEB5}.Debug|x86.ActiveCfg = Debug|Any CPU
		{509854C5-9142-4BEF-A212-9C864597BEB5}.Debug|x86.Build.0 = Debug|Any CPU
		{509854C5-9142-4BEF-A212-9C864597BEB5}.Release|Any CPU.ActiveCfg = Release|Any CPU
		{509854C5-9142-4BEF-A212-9C864597BEB5}.Release|Any CPU.Build.0 = Release|Any CPU
		{509854C5-9142-4BEF-A212-9C864597BEB5}.Release|x64.ActiveCfg = Release|Any CPU
		{509854C5-9142-4BEF-A212-9C864597BEB5}.Release|x64.Build.0 = Release|Any CPU
		{509854C5-9142-4BEF-A212-9C864597BEB5}.Release|x86.ActiveCfg = Release|Any CPU
		{509854C5-9142-4BEF-A212-9C864597BEB5}.Release|x86.Build.0 = Release|Any CPU
		{4EFC34AE-5A46-4985-A0E6-A3FCFEE2570F}.Debug|Any CPU.ActiveCfg = Debug|Any CPU
		{4EFC34AE-5A46-4985-A0E6-A3FCFEE2570F}.Debug|Any CPU.Build.0 = Debug|Any CPU
		{4EFC34AE-5A46-4985-A0E6-A3FCFEE2570F}.Debug|x64.ActiveCfg = Debug|Any CPU
		{4EFC34AE-5A46-4985-A0E6-A3FCFEE2570F}.Debug|x64.Build.0 = Debug|Any CPU
		{4EFC34AE-5A46-4985-A0E6-A3FCFEE2570F}.Debug|x86.ActiveCfg = Debug|Any CPU
		{4EFC34AE-5A46-4985-A0E6-A3FCFEE2570F}.Debug|x86.Build.0 = Debug|Any CPU
		{4EFC34AE-5A46-4985-A0E6-A3FCFEE2570F}.Release|Any CPU.ActiveCfg = Release|Any CPU
		{4EFC34AE-5A46-4985-A0E6-A3FCFEE2570F}.Release|Any CPU.Build.0 = Release|Any CPU
		{4EFC34AE-5A46-4985-A0E6-A3FCFEE2570F}.Release|x64.ActiveCfg = Release|Any CPU
		{4EFC34AE-5A46-4985-A0E6-A3FCFEE2570F}.Release|x64.Build.0 = Release|Any CPU
		{4EFC34AE-5A46-4985-A0E6-A3FCFEE2570F}.Release|x86.ActiveCfg = Release|Any CPU
		{4EFC34AE-5A46-4985-A0E6-A3FCFEE2570F}.Release|x86.Build.0 = Release|Any CPU
		{B171A35D-AA2C-4BF5-B017-326F8210ECF4}.Debug|Any CPU.ActiveCfg = Debug|Any CPU
		{B171A35D-AA2C-4BF5-B017-326F8210ECF4}.Debug|Any CPU.Build.0 = Debug|Any CPU
		{B171A35D-AA2C-4BF5-B017-326F8210ECF4}.Debug|x64.ActiveCfg = Debug|Any CPU
		{B171A35D-AA2C-4BF5-B017-326F8210ECF4}.Debug|x64.Build.0 = Debug|Any CPU
		{B171A35D-AA2C-4BF5-B017-326F8210ECF4}.Debug|x86.ActiveCfg = Debug|Any CPU
		{B171A35D-AA2C-4BF5-B017-326F8210ECF4}.Debug|x86.Build.0 = Debug|Any CPU
		{B171A35D-AA2C-4BF5-B017-326F8210ECF4}.Release|Any CPU.ActiveCfg = Release|Any CPU
		{B171A35D-AA2C-4BF5-B017-326F8210ECF4}.Release|Any CPU.Build.0 = Release|Any CPU
		{B171A35D-AA2C-4BF5-B017-326F8210ECF4}.Release|x64.ActiveCfg = Release|Any CPU
		{B171A35D-AA2C-4BF5-B017-326F8210ECF4}.Release|x64.Build.0 = Release|Any CPU
		{B171A35D-AA2C-4BF5-B017-326F8210ECF4}.Release|x86.ActiveCfg = Release|Any CPU
		{B171A35D-AA2C-4BF5-B017-326F8210ECF4}.Release|x86.Build.0 = Release|Any CPU
		{2966B8D2-0B6A-4DCF-9F85-867547A73FEF}.Debug|Any CPU.ActiveCfg = Debug|Any CPU
		{2966B8D2-0B6A-4DCF-9F85-867547A73FEF}.Debug|Any CPU.Build.0 = Debug|Any CPU
		{2966B8D2-0B6A-4DCF-9F85-867547A73FEF}.Release|Any CPU.ActiveCfg = Release|Any CPU
		{2966B8D2-0B6A-4DCF-9F85-867547A73FEF}.Release|Any CPU.Build.0 = Release|Any CPU
		{2966B8D2-0B6A-4DCF-9F85-867547A73FEF}.Release|x64.ActiveCfg = Release|Any CPU
		{2966B8D2-0B6A-4DCF-9F85-867547A73FEF}.Release|x64.Build.0 = Release|Any CPU
		{976E3580-1682-4A38-89CF-8F3C315ACC36}.Debug|Any CPU.ActiveCfg = Debug|Any CPU
		{976E3580-1682-4A38-89CF-8F3C315ACC36}.Debug|Any CPU.Build.0 = Debug|Any CPU
		{976E3580-1682-4A38-89CF-8F3C315ACC36}.Debug|x64.ActiveCfg = Debug|Any CPU
		{976E3580-1682-4A38-89CF-8F3C315ACC36}.Debug|x64.Build.0 = Debug|Any CPU
		{976E3580-1682-4A38-89CF-8F3C315ACC36}.Debug|x86.ActiveCfg = Debug|Any CPU
		{976E3580-1682-4A38-89CF-8F3C315ACC36}.Debug|x86.Build.0 = Debug|Any CPU
		{976E3580-1682-4A38-89CF-8F3C315ACC36}.Release|Any CPU.ActiveCfg = Release|Any CPU
		{976E3580-1682-4A38-89CF-8F3C315ACC36}.Release|Any CPU.Build.0 = Release|Any CPU
		{976E3580-1682-4A38-89CF-8F3C315ACC36}.Release|x64.ActiveCfg = Release|Any CPU
		{976E3580-1682-4A38-89CF-8F3C315ACC36}.Release|x64.Build.0 = Release|Any CPU
		{976E3580-1682-4A38-89CF-8F3C315ACC36}.Release|x86.ActiveCfg = Release|Any CPU
		{976E3580-1682-4A38-89CF-8F3C315ACC36}.Release|x86.Build.0 = Release|Any CPU
	EndGlobalSection
	GlobalSection(SolutionProperties) = preSolution
		HideSolutionNode = FALSE
	EndGlobalSection
	GlobalSection(NestedProjects) = preSolution
		{DF5B03B2-1514-4223-9D2B-EEB93A5CEF89} = {45517C2A-513E-4B2F-921D-6D26FDA13AC6}
		{B4E0DF49-5450-4CD0-81CF-D13995784D1F} = {29B45695-F41C-467F-A02F-48F20260D398}
		{F1F90248-4928-471E-A34E-5234FC0C8957} = {45517C2A-513E-4B2F-921D-6D26FDA13AC6}
		{8F68FFC9-C127-4F6A-9773-8C7BDA276875} = {45517C2A-513E-4B2F-921D-6D26FDA13AC6}
		{E3676D55-B27B-4827-B1B5-67EAF838C080} = {29B45695-F41C-467F-A02F-48F20260D398}
		{8221AABF-E344-4798-BCE3-BC094EB40279} = {45517C2A-513E-4B2F-921D-6D26FDA13AC6}
		{F928A051-CC83-4610-839B-DA0AE009F436} = {45517C2A-513E-4B2F-921D-6D26FDA13AC6}
		{FB6E43CD-902E-4319-9342-0D9B75E08CFF} = {45517C2A-513E-4B2F-921D-6D26FDA13AC6}
		{38FA2602-902D-4361-A03A-902CA7AE256B} = {45517C2A-513E-4B2F-921D-6D26FDA13AC6}
		{CDFB9996-9F69-4A60-8B8D-418FF1E5F260} = {45517C2A-513E-4B2F-921D-6D26FDA13AC6}
		{930E4B55-C850-4421-8D1F-8B3D8BA04E8B} = {45517C2A-513E-4B2F-921D-6D26FDA13AC6}
		{259DB72B-8CD4-4694-BC15-93965D98CAD5} = {45517C2A-513E-4B2F-921D-6D26FDA13AC6}
		{9E94CD22-721E-428A-92AD-9E43EFB3DEEF} = {45517C2A-513E-4B2F-921D-6D26FDA13AC6}
		{44F4F35E-8446-4FA9-A825-D974DF5FF290} = {45517C2A-513E-4B2F-921D-6D26FDA13AC6}
		{52F6644E-0C29-47EC-BE65-67AF102B52BE} = {F8094304-F2FB-434E-9358-271310D36764}
		{163744B3-4565-4AC6-BF25-30DED1F4CEB2} = {45517C2A-513E-4B2F-921D-6D26FDA13AC6}
		{2250809E-2E22-4261-A93E-98EF776AED36} = {45517C2A-513E-4B2F-921D-6D26FDA13AC6}
		{9306081A-AFE0-460C-B7AD-FAED5643443E} = {45517C2A-513E-4B2F-921D-6D26FDA13AC6}
		{8145CE2F-2615-4C68-B992-2216A1C705B7} = {45517C2A-513E-4B2F-921D-6D26FDA13AC6}
		{1644AEDB-5189-4362-A1B9-90187B57E0DA} = {45517C2A-513E-4B2F-921D-6D26FDA13AC6}
		{C050A480-6036-44F9-939C-A2B7BA88810B} = {45517C2A-513E-4B2F-921D-6D26FDA13AC6}
		{D11B9A7C-CF77-4245-B3FD-5167AF5032B9} = {45517C2A-513E-4B2F-921D-6D26FDA13AC6}
		{C9D5E963-DE6A-43E3-BF6A-EBFB50A8BADA} = {45517C2A-513E-4B2F-921D-6D26FDA13AC6}
		{13E2A71D-9D2B-4C83-9BC6-25B497572B2D} = {45517C2A-513E-4B2F-921D-6D26FDA13AC6}
		{C7CF677B-D9C4-4BB1-9DEA-B27403C9F27E} = {45517C2A-513E-4B2F-921D-6D26FDA13AC6}
		{D5A7B3F1-D5EC-42EF-AB6D-41049E4B6336} = {F8094304-F2FB-434E-9358-271310D36764}
		{0B75E2F6-80A0-4861-B469-508186593405} = {45517C2A-513E-4B2F-921D-6D26FDA13AC6}
		{38F49F8B-A804-4240-91D7-62A0DE444971} = {29B45695-F41C-467F-A02F-48F20260D398}
		{A48862F0-0A13-473E-B282-74CEB396D4C8} = {29B45695-F41C-467F-A02F-48F20260D398}
		{5765355F-7EA5-43D6-8A51-1522BA10F8F1} = {29B45695-F41C-467F-A02F-48F20260D398}
		{509854C5-9142-4BEF-A212-9C864597BEB5} = {29B45695-F41C-467F-A02F-48F20260D398}
		{4EFC34AE-5A46-4985-A0E6-A3FCFEE2570F} = {29B45695-F41C-467F-A02F-48F20260D398}
		{2966B8D2-0B6A-4DCF-9F85-867547A73FEF} = {29B45695-F41C-467F-A02F-48F20260D398}
		{B171A35D-AA2C-4BF5-B017-326F8210ECF4} = {29B45695-F41C-467F-A02F-48F20260D398}
		{976E3580-1682-4A38-89CF-8F3C315ACC36} = {2B36E7D9-A515-49A4-89C7-15862264F516}
	EndGlobalSection
	GlobalSection(ExtensibilityGlobals) = postSolution
		SolutionGuid = {B449416C-C504-4FA8-9E10-10857263A64A}
	EndGlobalSection
EndGlobal
